PODS:
  - BanubaARCloudSDK (1.29.2)
  - BanubaAudioBrowserSDK (1.29.2)
  - BanubaEffectPlayer (1.29.2)
  - BanubaLicenseServicingSDK (1.29.2)
  - BanubaSDK (1.29.2)
  - BanubaSDKServicing (1.29.2)
  - BanubaSDKSimple (1.29.2)
  - BanubaUtilities (1.29.2)
  - BanubaVideoEditorGallerySDK (1.29.2)
  - BanubaVideoEditorSDK (1.29.2)
  - BNBLicenseUtils (1.29.2)
  - BSImagePicker (3.3.1)
  - VEEffectsSDK (1.29.2)
  - VEExportSDK (1.29.2)
  - VEPlaybackSDK (1.29.2)
  - VideoEditor (1.29.2)

DEPENDENCIES:
  - BanubaARCloudSDK (= 1.29.2)
  - BanubaAudioBrowserSDK (= 1.29.2)
  - BanubaEffectPlayer (= 1.29.2)
  - BanubaLicenseServicingSDK (= 1.29.2)
  - BanubaSDK (= 1.29.2)
  - BanubaSDKServicing (= 1.29.2)
  - BanubaSDKSimple (= 1.29.2)
  - BanubaUtilities (= 1.29.2)
  - BanubaVideoEditorGallerySDK (= 1.29.2)
  - BanubaVideoEditorSDK (= 1.29.2)
  - BNBLicenseUtils (= 1.29.2)
  - BSImagePicker
  - VEEffectsSDK (= 1.29.2)
  - VEExportSDK (= 1.29.2)
  - VEPlaybackSDK (= 1.29.2)
  - VideoEditor (= 1.29.2)

SPEC REPOS:
  https://github.com/Banuba/specs.git:
    - BanubaARCloudSDK
    - BanubaAudioBrowserSDK
    - BanubaEffectPlayer
    - BanubaLicenseServicingSDK
    - BanubaSDK
    - BanubaSDKServicing
    - BanubaSDKSimple
    - BanubaUtilities
    - BanubaVideoEditorGallerySDK
    - BanubaVideoEditorSDK
    - BNBLicenseUtils
    - VEEffectsSDK
    - VEExportSDK
    - VEPlaybackSDK
    - VideoEditor
  https://github.com/CocoaPods/Specs.git:
    - BSImagePicker

SPEC CHECKSUMS:
  BanubaARCloudSDK: 42fa1739895023adb13bf8bf5f6a6200112c964b
  BanubaAudioBrowserSDK: 851e7a7291e716927d56e7bbb9caaed59c316a65
  BanubaEffectPlayer: 9fed42242e29df27439ce4e3cb5cb767de299a77
  BanubaLicenseServicingSDK: 1f6e9596b1783c23940cac9bbba7f9e6ccdfeca6
  BanubaSDK: 84c6d33bb349de5c5796fd7a2697c0242c46ee84
  BanubaSDKServicing: 38f3339ad96ca474893aa13f734c5e5dfca67e1c
  BanubaSDKSimple: f29bf0201fd840cf86d72bcdd0774d1886096cb1
  BanubaUtilities: 2cb1845ff4e847bd38b653613ce4624353431e36
  BanubaVideoEditorGallerySDK: 1b3feb88c47c1cfd9046e84819ecd851c1d1024c
  BanubaVideoEditorSDK: 9aa6acc39765d7899687b17488a3b06bd87f9326
  BNBLicenseUtils: 2793c3bec278f3f47302dfaaa7794ec6381d29b8
  BSImagePicker: 0fe04b574d4d6b81093785d2af6c26227efc8428
  VEEffectsSDK: 53cc78412792914a7524b52cd68db4ea17c5b0e0
  VEExportSDK: 66d67b55b59ae08ab2f2204ec48ca27c55aa5805
  VEPlaybackSDK: 50d739d1af9d762fb13c9c8857ccf7adf70ca9e3
  VideoEditor: 2f574ce1297650adcdb0ee3b0115a3235f444b7b

PODFILE CHECKSUM: 36e093228cf9923aee4ed6dc29dcd623a6b613f2

COCOAPODS: 1.12.1
