PODS:
  - BanubaARCloudSDK (1.40.0):
    - BanubaUtilities (= 1.40.0)
  - BanubaAudioBrowserSDK (1.40.0):
    - BanubaUtilities (= 1.40.0)
  - BanubaLicenseServicingSDK (1.40.0):
    - BNBLicenseUtils (= 1.40.0)
  - BanubaPhotoEditorSDK (1.2.5):
    - BanubaLicenseServicingSDK (>= 1.38.0)
    - BanubaUtilities (>= 1.38.0)
    - BNBAcneEyebagsRemoval (~> 1.16.0)
    - BNBBackground (~> 1.16.0)
    - BNBEffectPlayer (~> 1.16.0)
    - BNBEyes (~> 1.16.0)
    - BNBHair (~> 1.16.0)
    - BNBLicenseUtils (>= 1.38.0)
    - BNBLips (~> 1.16.0)
    - BNBScripting (~> 1.16.0)
    - BNBSdkApi (~> 1.16.0)
    - BNBSdkCore (~> 1.16.0)
    - BNBSkin (~> 1.16.0)
  - BanubaSDK (1.40.0):
    - BNBBackground (~> 1.16.0)
    - BNBEffectPlayer (~> 1.16.0)
    - BNBEyes (~> 1.16.0)
    - BNBHair (~> 1.16.0)
    - BNBLips (~> 1.16.0)
    - BNBScripting (~> 1.16.0)
    - BNBSdkApi (~> 1.16.0)
    - BNBSdkCore (~> 1.16.0)
    - BNBSkin (~> 1.16.0)
  - BanubaSDKSimple (1.40.0)
  - BanubaUtilities (1.40.0)
  - BanubaVideoEditorCore (1.40.0):
    - BanubaLicenseServicingSDK (= 1.40.0)
    - BanubaUtilities (= 1.40.0)
  - BanubaVideoEditorSDK (1.40.0):
    - BanubaLicenseServicingSDK (= 1.40.0)
    - BanubaUtilities (= 1.40.0)
    - BanubaVideoEditorCore (= 1.40.0)
  - BNBAcneEyebagsRemoval (1.16.3):
    - BNBEffectPlayer (= 1.16.3)
    - BNBFaceTracker (= 1.16.3)
    - BNBScripting (= 1.16.3)
    - BNBSdkCore (= 1.16.3)
  - BNBBackground (1.16.3):
    - BNBEffectPlayer (= 1.16.3)
    - BNBScripting (= 1.16.3)
    - BNBSdkCore (= 1.16.3)
  - BNBEffectPlayer (1.16.3)
  - BNBEyes (1.16.3):
    - BNBEffectPlayer (= 1.16.3)
    - BNBFaceTracker (= 1.16.3)
    - BNBScripting (= 1.16.3)
    - BNBSdkCore (= 1.16.3)
  - BNBFaceTracker (1.16.3):
    - BNBEffectPlayer (= 1.16.3)
    - BNBScripting (= 1.16.3)
    - BNBSdkCore (= 1.16.3)
  - BNBHair (1.16.3):
    - BNBEffectPlayer (= 1.16.3)
    - BNBScripting (= 1.16.3)
    - BNBSdkCore (= 1.16.3)
  - BNBLicenseUtils (1.40.0)
  - BNBLips (1.16.3):
    - BNBEffectPlayer (= 1.16.3)
    - BNBFaceTracker (= 1.16.3)
    - BNBScripting (= 1.16.3)
    - BNBSdkCore (= 1.16.3)
  - BNBScripting (1.16.3)
  - BNBSdkApi (1.16.3):
    - BNBSdkCore (= 1.16.3)
  - BNBSdkCore (1.16.3)
  - BNBSkin (1.16.3):
    - BNBEffectPlayer (= 1.16.3)
    - BNBScripting (= 1.16.3)
    - BNBSdkCore (= 1.16.3)
  - BSImagePicker (3.3.3)

DEPENDENCIES:
  - BanubaARCloudSDK (= 1.40.0)
  - BanubaAudioBrowserSDK (= 1.40.0)
  - BanubaPhotoEditorSDK (= 1.2.5)
  - BanubaSDK (= 1.40.0)
  - BanubaSDKSimple (= 1.40.0)
  - BanubaVideoEditorSDK (= 1.40.0)
  - BSImagePicker

SPEC REPOS:
  https://github.com/Banuba/specs.git:
    - BanubaARCloudSDK
    - BanubaAudioBrowserSDK
    - BanubaLicenseServicingSDK
    - BanubaPhotoEditorSDK
    - BanubaSDK
    - BanubaSDKSimple
    - BanubaUtilities
    - BanubaVideoEditorCore
    - BanubaVideoEditorSDK
    - BNBLicenseUtils
  https://github.com/sdk-banuba/banuba-sdk-podspecs.git:
    - BNBAcneEyebagsRemoval
    - BNBBackground
    - BNBEffectPlayer
    - BNBEyes
    - BNBFaceTracker
    - BNBHair
    - BNBLips
    - BNBScripting
    - BNBSdkApi
    - BNBSdkCore
    - BNBSkin
  trunk:
    - BSImagePicker

SPEC CHECKSUMS:
  BanubaARCloudSDK: 34549c4ae8634d9e31fc80ff3f706b45b533668d
  BanubaAudioBrowserSDK: 383031135fe8be4e6cce45a77d2be89eef2bfb1c
  BanubaLicenseServicingSDK: 64a57a86b74b327cddc0412b1e348233d19e3475
  BanubaPhotoEditorSDK: 4bc36ccdb69dc0165ba81d770f4e7fec9f544477
  BanubaSDK: 6cfc5bcd41002e4a7c0f91227ab90e771bca645f
  BanubaSDKSimple: a598e3d27209f6424b989033b7eee8ebc6118a86
  BanubaUtilities: 6291027414c4c1b0b9e6e304771e483514d498fd
  BanubaVideoEditorCore: b1a4e7356d5c8bcb86ac8ea4c5379aed0f7f2d64
  BanubaVideoEditorSDK: 2fb5846e999059340910f0f3148888fab388c54d
  BNBAcneEyebagsRemoval: 9ad2c2351d57231add905c5bff6117faff87b712
  BNBBackground: 1e88cbaa9c447c1aa46506b0d74b1bd833494c72
  BNBEffectPlayer: 05f74da227a9ece5dd52bcdd8aa996e076793e6b
  BNBEyes: afd66da363889f60764496ae404a89a370b53fdd
  BNBFaceTracker: 5c088cbbfcca3cd1c1815ea6037b5e8a3fd978e9
  BNBHair: 1eb5dbf95c9107db9eade8173f194689c3edda01
  BNBLicenseUtils: d331955218e5a41ee12974f0c9f396a12fb41c3f
  BNBLips: 0d95e0f5ae1edefc66fdf06f37c876cc89ba6a49
  BNBScripting: 5237343f223f528dc8e8392817020a4182058473
  BNBSdkApi: f773621958cf0f7776e18f90b96ace13b29d84e2
  BNBSdkCore: cc7711127dbcaf392d0a25f4a858d98ffc5c9213
  BNBSkin: 3a741bbba57a2a860fe4a69dbd597d7d9aea5793
  BSImagePicker: 57900b323f951711608acaf97d52e9183530cb6d

PODFILE CHECKSUM: 38f1af91bbf632eb15a439de92e6567ac2c246d7

COCOAPODS: 1.15.2
