PODS:
  - BanubaARCloudSDK (1.32.1)
  - BanubaAudioBrowserSDK (1.32.1)
  - BanubaLicenseServicingSDK (1.32.1)
  - BanubaPhotoEditorSDK (1.0.0):
    - BanubaLicenseServicingSDK (= 1.32.1)
    - BanubaUtilities (= 1.32.1)
    - BNBBackground (= 1.9.1)
    - BNBEffectPlayer (= 1.9.1)
    - BNBEyes (= 1.9.1)
    - BNBHair (= 1.9.1)
    - BNBLips (= 1.9.1)
    - BNBScripting (= 1.9.1)
    - BNBSdkApi (= 1.9.1)
    - BNBSdkCore (= 1.9.1)
    - BNBSkin (= 1.9.1)
  - BanubaSDK (1.32.1):
    - BNBBackground (= 1.9.1)
    - BNBEffectPlayer (= 1.9.1)
    - BNBEyes (= 1.9.1)
    - BNBHair (= 1.9.1)
    - BNBLips (= 1.9.1)
    - BNBScripting (= 1.9.1)
    - BNBSdkApi (= 1.9.1)
    - BNBSdkCore (= 1.9.1)
    - BNBSkin (= 1.9.1)
    - BNBVisualClip (= 1.9.1)
  - BanubaSDKServicing (1.32.1)
  - BanubaSDKSimple (1.32.1)
  - BanubaUtilities (1.32.1)
  - BanubaVideoEditorGallerySDK (1.32.1)
  - BanubaVideoEditorSDK (1.32.1)
  - BNBBackground (1.9.1):
    - BNBEffectPlayer (= 1.9.1)
    - BNBScripting (= 1.9.1)
    - BNBSdkCore (= 1.9.1)
  - BNBEffectPlayer (1.9.1)
  - BNBEyes (1.9.1):
    - BNBEffectPlayer (= 1.9.1)
    - BNBFaceTracker (= 1.9.1)
    - BNBScripting (= 1.9.1)
    - BNBSdkCore (= 1.9.1)
  - BNBFaceTracker (1.9.1):
    - BNBEffectPlayer (= 1.9.1)
    - BNBScripting (= 1.9.1)
    - BNBSdkCore (= 1.9.1)
  - BNBHair (1.9.1):
    - BNBEffectPlayer (= 1.9.1)
    - BNBScripting (= 1.9.1)
    - BNBSdkCore (= 1.9.1)
  - BNBLicenseUtils (1.32.1)
  - BNBLips (1.9.1):
    - BNBEffectPlayer (= 1.9.1)
    - BNBFaceTracker (= 1.9.1)
    - BNBScripting (= 1.9.1)
    - BNBSdkCore (= 1.9.1)
  - BNBScripting (1.9.1)
  - BNBSdkApi (1.9.1):
    - BNBSdkCore (= 1.9.1)
  - BNBSdkCore (1.9.1)
  - BNBSkin (1.9.1):
    - BNBEffectPlayer (= 1.9.1)
    - BNBScripting (= 1.9.1)
    - BNBSdkCore (= 1.9.1)
  - BNBVisualClip (1.9.1):
    - BNBSdkCore (= 1.9.1)
  - BSImagePicker (3.3.1)
  - VEEffectsSDK (1.32.1)
  - VEExportSDK (1.32.1)
  - VEPlaybackSDK (1.32.1)
  - VideoEditor (1.32.1)

DEPENDENCIES:
  - BanubaARCloudSDK (= 1.32.1)
  - BanubaAudioBrowserSDK (= 1.32.1)
  - BanubaLicenseServicingSDK (= 1.32.1)
  - BanubaPhotoEditorSDK (= 1.0.0)
  - BanubaSDK (= 1.32.1)
  - BanubaSDKServicing (= 1.32.1)
  - BanubaSDKSimple (= 1.32.1)
  - BanubaUtilities (= 1.32.1)
  - BanubaVideoEditorGallerySDK (= 1.32.1)
  - BanubaVideoEditorSDK (= 1.32.1)
  - BNBLicenseUtils (= 1.32.1)
  - BSImagePicker
  - VEEffectsSDK (= 1.32.1)
  - VEExportSDK (= 1.32.1)
  - VEPlaybackSDK (= 1.32.1)
  - VideoEditor (= 1.32.1)

SPEC REPOS:
  https://github.com/Banuba/specs.git:
    - BanubaARCloudSDK
    - BanubaAudioBrowserSDK
    - BanubaLicenseServicingSDK
    - BanubaPhotoEditorSDK
    - BanubaSDK
    - BanubaSDKServicing
    - BanubaSDKSimple
    - BanubaUtilities
    - BanubaVideoEditorGallerySDK
    - BanubaVideoEditorSDK
    - BNBLicenseUtils
    - VEEffectsSDK
    - VEExportSDK
    - VEPlaybackSDK
    - VideoEditor
  https://github.com/CocoaPods/Specs.git:
    - BSImagePicker
  https://github.com/sdk-banuba/banuba-sdk-podspecs.git:
    - BNBBackground
    - BNBEffectPlayer
    - BNBEyes
    - BNBFaceTracker
    - BNBHair
    - BNBLips
    - BNBScripting
    - BNBSdkApi
    - BNBSdkCore
    - BNBSkin
    - BNBVisualClip

SPEC CHECKSUMS:
  BanubaARCloudSDK: 5ba971329cd3d12bec250b986ad4e126aa1677b9
  BanubaAudioBrowserSDK: e99919cd54f8594a7617b306098fcdf67b73faa6
  BanubaLicenseServicingSDK: 0ba30e06b7c7790ed76a063a6bf15669c69c9314
  BanubaPhotoEditorSDK: e01c2e0f22525c1f35c62b3f01393c984d6d8e75
  BanubaSDK: 60684451acc4d5fa37e5b5b56e0bb07f9a8e0603
  BanubaSDKServicing: 3b1af0ec8b43d54a1823b93ef31eea529318bc92
  BanubaSDKSimple: 2bfc14b2e76712cddb79b6b11c2ca61c7408ff6e
  BanubaUtilities: ab695033e691b7a0e96e10e2c7977b3395f89e7a
  BanubaVideoEditorGallerySDK: 16b2ae4fbdbaaa7d195b0c5c0a65dba795ffffe7
  BanubaVideoEditorSDK: 016a7d56a1772927df4cfb1958865634f0249fce
  BNBBackground: 3b81cb87c62fb069dc74b35e72f942811d4046e4
  BNBEffectPlayer: dd3a81ed8040027d448be65feb18d1a6440f24c8
  BNBEyes: 94127cf57f75536439fcd8ca63efd494e34b63ac
  BNBFaceTracker: 478c111abd77837163f8610b7f0466f622dce8e5
  BNBHair: 805cc99060b1be5b52c5b9c9b5dc106456e75e6e
  BNBLicenseUtils: 0fe65b4bff3459465c760159dd504456e84254e7
  BNBLips: 880cbe24aa926f2b1ae2afb2bd8c5100ed0476c6
  BNBScripting: 0d5efd7a28e2a3d29ed1f42a4e672e801b3a514e
  BNBSdkApi: 84dde4fc542ed2069974badf91202c2df585e576
  BNBSdkCore: a2f0a17be9c24ccf28cf5ea5135cba418d3544d4
  BNBSkin: 1fdc110aaee047fd9b20a17e6970e45379f2f37b
  BNBVisualClip: 6f8e77339fc0c14c9b6eb857912498a6b1d2e209
  BSImagePicker: 0fe04b574d4d6b81093785d2af6c26227efc8428
  VEEffectsSDK: c1e3d87ec16da1d8f14daadf96a9899775e32d95
  VEExportSDK: e19482a19436d64e32a809d8a77f5deeb0a2f3c3
  VEPlaybackSDK: 13c8c330750d5364409dcf461ee7d7a0bcfed49a
  VideoEditor: 32afbacdac61aab83d9a30aa7b6501880354c204

PODFILE CHECKSUM: e68ced449ae240a3490cdcabf96d4c0d96b8392b

COCOAPODS: 1.14.2
