// !$*UTF8*$!
{
	archiveVersion = 1;
	classes = {
	};
	objectVersion = 54;
	objects = {

/* Begin PBXBuildFile section */
		634FAC04255C351900FB0DBC /* Localizable.strings in Resources */ = {isa = PBXBuildFile; fileRef = 634FAC06255C351900FB0DBC /* Localizable.strings */; };
		635DB1AC2548541000B1C799 /* luts in Resources */ = {isa = PBXBuildFile; fileRef = 635DB1AA2548541000B1C799 /* luts */; };
		637989D72BB5953C00479105 /* BanubaSdk in Frameworks */ = {isa = PBXBuildFile; productRef = 637989D62BB5953C00479105 /* BanubaSdk */; };
		6379E0E72BDA6FA000D82E22 /* FaceARResourcesDownloader.swift in Sources */ = {isa = PBXBuildFile; fileRef = 6379E0E62BDA6FA000D82E22 /* FaceARResourcesDownloader.swift */; };
		637B56D22A28B7DA0099DDA2 /* VideoEditorModule.swift in Sources */ = {isa = PBXBuildFile; fileRef = 637B56D12A28B7DA0099DDA2 /* VideoEditorModule.swift */; };
		637E50F52BB6DDEC005B2937 /* BNBSdkCore in Frameworks */ = {isa = PBXBuildFile; productRef = 637E50F42BB6DDEC005B2937 /* BNBSdkCore */; };
		637E50F82BB6DE1E005B2937 /* BNBSdkApi in Frameworks */ = {isa = PBXBuildFile; productRef = 637E50F72BB6DE1E005B2937 /* BNBSdkApi */; };
		639DA00C254700290011C153 /* AppDelegate.swift in Sources */ = {isa = PBXBuildFile; fileRef = 639DA00B254700290011C153 /* AppDelegate.swift */; };
		639DA010254700290011C153 /* ViewController.swift in Sources */ = {isa = PBXBuildFile; fileRef = 639DA00F254700290011C153 /* ViewController.swift */; };
		639DA013254700290011C153 /* Main.storyboard in Resources */ = {isa = PBXBuildFile; fileRef = 639DA011254700290011C153 /* Main.storyboard */; };
		639DA0182547002C0011C153 /* LaunchScreen.storyboard in Resources */ = {isa = PBXBuildFile; fileRef = 639DA0162547002C0011C153 /* LaunchScreen.storyboard */; };
		63CF1CC92B6CEB110038D920 /* BanubaARCloudSDK in Frameworks */ = {isa = PBXBuildFile; productRef = 63CF1CC82B6CEB110038D920 /* BanubaARCloudSDK */; };
		63CF1CCC2B6CEB1B0038D920 /* BanubaAudioBrowserSDK in Frameworks */ = {isa = PBXBuildFile; productRef = 63CF1CCB2B6CEB1B0038D920 /* BanubaAudioBrowserSDK */; };
		63CF1CCF2B6CEB250038D920 /* BanubaLicenseServicingSDK in Frameworks */ = {isa = PBXBuildFile; productRef = 63CF1CCE2B6CEB250038D920 /* BanubaLicenseServicingSDK */; };
		63CF1CD22B6CEB2F0038D920 /* BanubaSDKServicing in Frameworks */ = {isa = PBXBuildFile; productRef = 63CF1CD12B6CEB2F0038D920 /* BanubaSDKServicing */; };
		63CF1CD52B6CEB360038D920 /* BanubaSdkSimple in Frameworks */ = {isa = PBXBuildFile; productRef = 63CF1CD42B6CEB360038D920 /* BanubaSdkSimple */; };
		63CF1CD82B6CEB400038D920 /* BanubaUtilities in Frameworks */ = {isa = PBXBuildFile; productRef = 63CF1CD72B6CEB400038D920 /* BanubaUtilities */; };
		63CF1CDB2B6CEB490038D920 /* VideoEditor in Frameworks */ = {isa = PBXBuildFile; productRef = 63CF1CDA2B6CEB490038D920 /* VideoEditor */; };
		63CF1CDE2B6CEB520038D920 /* BanubaVideoEditorGallerySDK in Frameworks */ = {isa = PBXBuildFile; productRef = 63CF1CDD2B6CEB520038D920 /* BanubaVideoEditorGallerySDK */; };
		63CF1CE12B6CEB5D0038D920 /* BanubaVideoEditorSDK in Frameworks */ = {isa = PBXBuildFile; productRef = 63CF1CE02B6CEB5D0038D920 /* BanubaVideoEditorSDK */; };
		63CF1CE42B6CEB920038D920 /* BNBLicenseUtils in Frameworks */ = {isa = PBXBuildFile; productRef = 63CF1CE32B6CEB920038D920 /* BNBLicenseUtils */; };
		63CF1CE72B6CEBFF0038D920 /* VEEffectsSDK in Frameworks */ = {isa = PBXBuildFile; productRef = 63CF1CE62B6CEBFF0038D920 /* VEEffectsSDK */; };
		63CF1CEA2B6CEC210038D920 /* VEExportSDK in Frameworks */ = {isa = PBXBuildFile; productRef = 63CF1CE92B6CEC210038D920 /* VEExportSDK */; };
		63CF1CED2B6CEC430038D920 /* VEPlaybackSDK in Frameworks */ = {isa = PBXBuildFile; productRef = 63CF1CEC2B6CEC430038D920 /* VEPlaybackSDK */; };
		8A32EED0258CB5430098F852 /* bundleEffects in Resources */ = {isa = PBXBuildFile; fileRef = 8A32EECF258CB5430098F852 /* bundleEffects */; };
		8A32EEDF258CB70C0098F852 /* Assets.xcassets in Resources */ = {isa = PBXBuildFile; fileRef = 8A32EEDE258CB70C0098F852 /* Assets.xcassets */; };
		8AD7FE3026F358370072AF33 /* Lottie in Frameworks */ = {isa = PBXBuildFile; productRef = 8AD7FE2F26F358370072AF33 /* Lottie */; };
		8AD7FE3326F358720072AF33 /* BSImagePicker in Frameworks */ = {isa = PBXBuildFile; productRef = 8AD7FE3226F358720072AF33 /* BSImagePicker */; };
/* End PBXBuildFile section */

/* Begin PBXFileReference section */
		634FAC05255C351900FB0DBC /* en */ = {isa = PBXFileReference; lastKnownFileType = text.plist.strings; name = en; path = en.lproj/Localizable.strings; sourceTree = "<group>"; };
		635DB1AA2548541000B1C799 /* luts */ = {isa = PBXFileReference; lastKnownFileType = folder; path = luts; sourceTree = "<group>"; };
		6379E0E62BDA6FA000D82E22 /* FaceARResourcesDownloader.swift */ = {isa = PBXFileReference; lastKnownFileType = sourcecode.swift; path = FaceARResourcesDownloader.swift; sourceTree = "<group>"; };
		637B56D12A28B7DA0099DDA2 /* VideoEditorModule.swift */ = {isa = PBXFileReference; fileEncoding = 4; lastKnownFileType = sourcecode.swift; path = VideoEditorModule.swift; sourceTree = "<group>"; };
		639DA008254700290011C153 /* Example.app */ = {isa = PBXFileReference; explicitFileType = wrapper.application; includeInIndex = 0; path = Example.app; sourceTree = BUILT_PRODUCTS_DIR; };
		639DA00B254700290011C153 /* AppDelegate.swift */ = {isa = PBXFileReference; indentWidth = 2; lastKnownFileType = sourcecode.swift; path = AppDelegate.swift; sourceTree = "<group>"; tabWidth = 2; };
		639DA00F254700290011C153 /* ViewController.swift */ = {isa = PBXFileReference; indentWidth = 2; lastKnownFileType = sourcecode.swift; path = ViewController.swift; sourceTree = "<group>"; tabWidth = 2; };
		639DA012254700290011C153 /* Base */ = {isa = PBXFileReference; lastKnownFileType = file.storyboard; name = Base; path = Base.lproj/Main.storyboard; sourceTree = "<group>"; };
		639DA0172547002C0011C153 /* Base */ = {isa = PBXFileReference; lastKnownFileType = file.storyboard; name = Base; path = Base.lproj/LaunchScreen.storyboard; sourceTree = "<group>"; };
		639DA0192547002C0011C153 /* Info.plist */ = {isa = PBXFileReference; lastKnownFileType = text.plist.xml; path = Info.plist; sourceTree = "<group>"; };
		8A32EECF258CB5430098F852 /* bundleEffects */ = {isa = PBXFileReference; lastKnownFileType = folder; path = bundleEffects; sourceTree = "<group>"; };
		8A32EEDE258CB70C0098F852 /* Assets.xcassets */ = {isa = PBXFileReference; lastKnownFileType = folder.assetcatalog; path = Assets.xcassets; sourceTree = "<group>"; };
/* End PBXFileReference section */

/* Begin PBXFrameworksBuildPhase section */
		639DA005254700290011C153 /* Frameworks */ = {
			isa = PBXFrameworksBuildPhase;
			buildActionMask = 2147483647;
			files = (
				63CF1CEA2B6CEC210038D920 /* VEExportSDK in Frameworks */,
				63CF1CDE2B6CEB520038D920 /* BanubaVideoEditorGallerySDK in Frameworks */,
				63CF1CC92B6CEB110038D920 /* BanubaARCloudSDK in Frameworks */,
				63CF1CCF2B6CEB250038D920 /* BanubaLicenseServicingSDK in Frameworks */,
				8AD7FE3026F358370072AF33 /* Lottie in Frameworks */,
				63CF1CD22B6CEB2F0038D920 /* BanubaSDKServicing in Frameworks */,
				63CF1CE72B6CEBFF0038D920 /* VEEffectsSDK in Frameworks */,
				637E50F82BB6DE1E005B2937 /* BNBSdkApi in Frameworks */,
				637989D72BB5953C00479105 /* BanubaSdk in Frameworks */,
				63CF1CE42B6CEB920038D920 /* BNBLicenseUtils in Frameworks */,
				63CF1CDB2B6CEB490038D920 /* VideoEditor in Frameworks */,
				63CF1CED2B6CEC430038D920 /* VEPlaybackSDK in Frameworks */,
				637E50F52BB6DDEC005B2937 /* BNBSdkCore in Frameworks */,
				63CF1CD82B6CEB400038D920 /* BanubaUtilities in Frameworks */,
				63CF1CE12B6CEB5D0038D920 /* BanubaVideoEditorSDK in Frameworks */,
				63CF1CCC2B6CEB1B0038D920 /* BanubaAudioBrowserSDK in Frameworks */,
				63CF1CD52B6CEB360038D920 /* BanubaSdkSimple in Frameworks */,
				8AD7FE3326F358720072AF33 /* BSImagePicker in Frameworks */,
			);
			runOnlyForDeploymentPostprocessing = 0;
		};
/* End PBXFrameworksBuildPhase section */

/* Begin PBXGroup section */
		6388C5F4254833CE005C017A /* Frameworks */ = {
			isa = PBXGroup;
			children = (
			);
			name = Frameworks;
			sourceTree = "<group>";
		};
		639D9FFF254700290011C153 = {
			isa = PBXGroup;
			children = (
				639DA00A254700290011C153 /* Example */,
				639DA009254700290011C153 /* Products */,
				6388C5F4254833CE005C017A /* Frameworks */,
			);
			sourceTree = "<group>";
		};
		639DA009254700290011C153 /* Products */ = {
			isa = PBXGroup;
			children = (
				639DA008254700290011C153 /* Example.app */,
			);
			name = Products;
			sourceTree = "<group>";
		};
		639DA00A254700290011C153 /* Example */ = {
			isa = PBXGroup;
			children = (
				8A32EEDE258CB70C0098F852 /* Assets.xcassets */,
				8A32EECF258CB5430098F852 /* bundleEffects */,
				639DA00B254700290011C153 /* AppDelegate.swift */,
				637B56D12A28B7DA0099DDA2 /* VideoEditorModule.swift */,
				6379E0E62BDA6FA000D82E22 /* FaceARResourcesDownloader.swift */,
				639DA00F254700290011C153 /* ViewController.swift */,
				634FAC06255C351900FB0DBC /* Localizable.strings */,
				639DA011254700290011C153 /* Main.storyboard */,
				635DB1AA2548541000B1C799 /* luts */,
				639DA0162547002C0011C153 /* LaunchScreen.storyboard */,
				639DA0192547002C0011C153 /* Info.plist */,
			);
			path = Example;
			sourceTree = "<group>";
		};
/* End PBXGroup section */

/* Begin PBXNativeTarget section */
		639DA007254700290011C153 /* Example */ = {
			isa = PBXNativeTarget;
			buildConfigurationList = 639DA01C2547002C0011C153 /* Build configuration list for PBXNativeTarget "Example" */;
			buildPhases = (
				639DA004254700290011C153 /* Sources */,
				639DA005254700290011C153 /* Frameworks */,
				639DA006254700290011C153 /* Resources */,
			);
			buildRules = (
			);
			dependencies = (
			);
			name = Example;
			packageProductDependencies = (
				8AD7FE2F26F358370072AF33 /* Lottie */,
				8AD7FE3226F358720072AF33 /* BSImagePicker */,
				63CF1CC82B6CEB110038D920 /* BanubaARCloudSDK */,
				63CF1CCB2B6CEB1B0038D920 /* BanubaAudioBrowserSDK */,
				63CF1CCE2B6CEB250038D920 /* BanubaLicenseServicingSDK */,
				63CF1CD12B6CEB2F0038D920 /* BanubaSDKServicing */,
				63CF1CD42B6CEB360038D920 /* BanubaSdkSimple */,
				63CF1CD72B6CEB400038D920 /* BanubaUtilities */,
				63CF1CDA2B6CEB490038D920 /* VideoEditor */,
				63CF1CDD2B6CEB520038D920 /* BanubaVideoEditorGallerySDK */,
				63CF1CE02B6CEB5D0038D920 /* BanubaVideoEditorSDK */,
				63CF1CE32B6CEB920038D920 /* BNBLicenseUtils */,
				63CF1CE62B6CEBFF0038D920 /* VEEffectsSDK */,
				63CF1CE92B6CEC210038D920 /* VEExportSDK */,
				63CF1CEC2B6CEC430038D920 /* VEPlaybackSDK */,
				637989D62BB5953C00479105 /* BanubaSdk */,
				637E50F42BB6DDEC005B2937 /* BNBSdkCore */,
				637E50F72BB6DE1E005B2937 /* BNBSdkApi */,
			);
			productName = Example;
			productReference = 639DA008254700290011C153 /* Example.app */;
			productType = "com.apple.product-type.application";
		};
/* End PBXNativeTarget section */

/* Begin PBXProject section */
		639DA000254700290011C153 /* Project object */ = {
			isa = PBXProject;
			attributes = {
				BuildIndependentTargetsInParallel = YES;
				LastSwiftUpdateCheck = 1210;
				LastUpgradeCheck = 1430;
				TargetAttributes = {
					639DA007254700290011C153 = {
						CreatedOnToolsVersion = 12.1;
					};
				};
			};
			buildConfigurationList = 639DA003254700290011C153 /* Build configuration list for PBXProject "Example" */;
			compatibilityVersion = "Xcode 9.3";
			developmentRegion = en;
			hasScannedForEncodings = 0;
			knownRegions = (
				en,
				Base,
			);
			mainGroup = 639D9FFF254700290011C153;
			packageReferences = (
				8AD7FE2E26F358370072AF33 /* XCRemoteSwiftPackageReference "lottie-ios" */,
				8AD7FE3126F358720072AF33 /* XCRemoteSwiftPackageReference "BSImagePicker" */,
				63CF1CC72B6CEB110038D920 /* XCRemoteSwiftPackageReference "BanubaARCloudSDK-IOS" */,
				63CF1CCA2B6CEB1B0038D920 /* XCRemoteSwiftPackageReference "BanubaAudioBrowserSDK-iOS" */,
				63CF1CCD2B6CEB250038D920 /* XCRemoteSwiftPackageReference "BanubaLicenseServicingSDK" */,
				63CF1CD02B6CEB2F0038D920 /* XCRemoteSwiftPackageReference "BanubaSDKServicing-iOS" */,
				63CF1CD32B6CEB360038D920 /* XCRemoteSwiftPackageReference "BanubaSDKSimple-IOS" */,
				63CF1CD62B6CEB400038D920 /* XCRemoteSwiftPackageReference "BanubaUtilities-iOS" */,
				63CF1CD92B6CEB490038D920 /* XCRemoteSwiftPackageReference "VideoEditor-iOS" */,
				63CF1CDC2B6CEB520038D920 /* XCRemoteSwiftPackageReference "BanubaVideoEditorGallerySDK" */,
				63CF1CDF2B6CEB5D0038D920 /* XCRemoteSwiftPackageReference "BanubaVideoEditorSDK-iOS" */,
				63CF1CE22B6CEB920038D920 /* XCRemoteSwiftPackageReference "BNBLicenseUtils-iOS" */,
				63CF1CE52B6CEBFF0038D920 /* XCRemoteSwiftPackageReference "VEEffectsSDK-iOS" */,
				63CF1CE82B6CEC210038D920 /* XCRemoteSwiftPackageReference "VEExportSDK-iOS" */,
				63CF1CEB2B6CEC430038D920 /* XCRemoteSwiftPackageReference "VEPlaybackSDK-iOS" */,
				637989D52BB5953C00479105 /* XCRemoteSwiftPackageReference "BanubaSDK-iOS" */,
				637E50F32BB6DDEC005B2937 /* XCRemoteSwiftPackageReference "BNBSdkCore" */,
				637E50F62BB6DE1E005B2937 /* XCRemoteSwiftPackageReference "BNBSdkApi" */,
			);
			productRefGroup = 639DA009254700290011C153 /* Products */;
			projectDirPath = "";
			projectRoot = "";
			targets = (
				639DA007254700290011C153 /* Example */,
			);
		};
/* End PBXProject section */

/* Begin PBXResourcesBuildPhase section */
		639DA006254700290011C153 /* Resources */ = {
			isa = PBXResourcesBuildPhase;
			buildActionMask = 2147483647;
			files = (
				634FAC04255C351900FB0DBC /* Localizable.strings in Resources */,
				639DA0182547002C0011C153 /* LaunchScreen.storyboard in Resources */,
				635DB1AC2548541000B1C799 /* luts in Resources */,
				639DA013254700290011C153 /* Main.storyboard in Resources */,
				8A32EEDF258CB70C0098F852 /* Assets.xcassets in Resources */,
				8A32EED0258CB5430098F852 /* bundleEffects in Resources */,
			);
			runOnlyForDeploymentPostprocessing = 0;
		};
/* End PBXResourcesBuildPhase section */

/* Begin PBXSourcesBuildPhase section */
		639DA004254700290011C153 /* Sources */ = {
			isa = PBXSourcesBuildPhase;
			buildActionMask = 2147483647;
			files = (
				637B56D22A28B7DA0099DDA2 /* VideoEditorModule.swift in Sources */,
				639DA010254700290011C153 /* ViewController.swift in Sources */,
				6379E0E72BDA6FA000D82E22 /* FaceARResourcesDownloader.swift in Sources */,
				639DA00C254700290011C153 /* AppDelegate.swift in Sources */,
			);
			runOnlyForDeploymentPostprocessing = 0;
		};
/* End PBXSourcesBuildPhase section */

/* Begin PBXVariantGroup section */
		634FAC06255C351900FB0DBC /* Localizable.strings */ = {
			isa = PBXVariantGroup;
			children = (
				634FAC05255C351900FB0DBC /* en */,
			);
			name = Localizable.strings;
			sourceTree = "<group>";
		};
		639DA011254700290011C153 /* Main.storyboard */ = {
			isa = PBXVariantGroup;
			children = (
				639DA012254700290011C153 /* Base */,
			);
			name = Main.storyboard;
			sourceTree = "<group>";
		};
		639DA0162547002C0011C153 /* LaunchScreen.storyboard */ = {
			isa = PBXVariantGroup;
			children = (
				639DA0172547002C0011C153 /* Base */,
			);
			name = LaunchScreen.storyboard;
			sourceTree = "<group>";
		};
/* End PBXVariantGroup section */

/* Begin XCBuildConfiguration section */
		639DA01A2547002C0011C153 /* Debug */ = {
			isa = XCBuildConfiguration;
			buildSettings = {
				ALWAYS_SEARCH_USER_PATHS = NO;
				CLANG_ANALYZER_LOCALIZABILITY_NONLOCALIZED = YES;
				CLANG_ANALYZER_NONNULL = YES;
				CLANG_ANALYZER_NUMBER_OBJECT_CONVERSION = YES_AGGRESSIVE;
				CLANG_CXX_LANGUAGE_STANDARD = "gnu++14";
				CLANG_CXX_LIBRARY = "libc++";
				CLANG_ENABLE_MODULES = YES;
				CLANG_ENABLE_OBJC_ARC = YES;
				CLANG_ENABLE_OBJC_WEAK = YES;
				CLANG_WARN_BLOCK_CAPTURE_AUTORELEASING = YES;
				CLANG_WARN_BOOL_CONVERSION = YES;
				CLANG_WARN_COMMA = YES;
				CLANG_WARN_CONSTANT_CONVERSION = YES;
				CLANG_WARN_DEPRECATED_OBJC_IMPLEMENTATIONS = YES;
				CLANG_WARN_DIRECT_OBJC_ISA_USAGE = YES_ERROR;
				CLANG_WARN_DOCUMENTATION_COMMENTS = YES;
				CLANG_WARN_EMPTY_BODY = YES;
				CLANG_WARN_ENUM_CONVERSION = YES;
				CLANG_WARN_INFINITE_RECURSION = YES;
				CLANG_WARN_INT_CONVERSION = YES;
				CLANG_WARN_NON_LITERAL_NULL_CONVERSION = YES;
				CLANG_WARN_OBJC_IMPLICIT_RETAIN_SELF = YES;
				CLANG_WARN_OBJC_LITERAL_CONVERSION = YES;
				CLANG_WARN_OBJC_ROOT_CLASS = YES_ERROR;
				CLANG_WARN_QUOTED_INCLUDE_IN_FRAMEWORK_HEADER = YES;
				CLANG_WARN_RANGE_LOOP_ANALYSIS = YES;
				CLANG_WARN_STRICT_PROTOTYPES = YES;
				CLANG_WARN_SUSPICIOUS_MOVE = YES;
				CLANG_WARN_UNGUARDED_AVAILABILITY = YES_AGGRESSIVE;
				CLANG_WARN_UNREACHABLE_CODE = YES;
				CLANG_WARN__DUPLICATE_METHOD_MATCH = YES;
				COPY_PHASE_STRIP = NO;
				DEBUG_INFORMATION_FORMAT = dwarf;
				ENABLE_STRICT_OBJC_MSGSEND = YES;
				ENABLE_TESTABILITY = YES;
				ENABLE_USER_SCRIPT_SANDBOXING = NO;
				GCC_C_LANGUAGE_STANDARD = gnu11;
				GCC_DYNAMIC_NO_PIC = NO;
				GCC_NO_COMMON_BLOCKS = YES;
				GCC_OPTIMIZATION_LEVEL = 0;
				GCC_PREPROCESSOR_DEFINITIONS = (
					"DEBUG=1",
					"$(inherited)",
				);
				GCC_WARN_64_TO_32_BIT_CONVERSION = YES;
				GCC_WARN_ABOUT_RETURN_TYPE = YES_ERROR;
				GCC_WARN_UNDECLARED_SELECTOR = YES;
				GCC_WARN_UNINITIALIZED_AUTOS = YES_AGGRESSIVE;
				GCC_WARN_UNUSED_FUNCTION = YES;
				GCC_WARN_UNUSED_VARIABLE = YES;
				IPHONEOS_DEPLOYMENT_TARGET = 15.0;
				MTL_ENABLE_DEBUG_INFO = INCLUDE_SOURCE;
				MTL_FAST_MATH = YES;
				ONLY_ACTIVE_ARCH = YES;
				SDKROOT = iphoneos;
				SWIFT_ACTIVE_COMPILATION_CONDITIONS = DEBUG;
				SWIFT_OPTIMIZATION_LEVEL = "-Onone";
			};
			name = Debug;
		};
		639DA01B2547002C0011C153 /* Release */ = {
			isa = XCBuildConfiguration;
			buildSettings = {
				ALWAYS_SEARCH_USER_PATHS = NO;
				CLANG_ANALYZER_LOCALIZABILITY_NONLOCALIZED = YES;
				CLANG_ANALYZER_NONNULL = YES;
				CLANG_ANALYZER_NUMBER_OBJECT_CONVERSION = YES_AGGRESSIVE;
				CLANG_CXX_LANGUAGE_STANDARD = "gnu++14";
				CLANG_CXX_LIBRARY = "libc++";
				CLANG_ENABLE_MODULES = YES;
				CLANG_ENABLE_OBJC_ARC = YES;
				CLANG_ENABLE_OBJC_WEAK = YES;
				CLANG_WARN_BLOCK_CAPTURE_AUTORELEASING = YES;
				CLANG_WARN_BOOL_CONVERSION = YES;
				CLANG_WARN_COMMA = YES;
				CLANG_WARN_CONSTANT_CONVERSION = YES;
				CLANG_WARN_DEPRECATED_OBJC_IMPLEMENTATIONS = YES;
				CLANG_WARN_DIRECT_OBJC_ISA_USAGE = YES_ERROR;
				CLANG_WARN_DOCUMENTATION_COMMENTS = YES;
				CLANG_WARN_EMPTY_BODY = YES;
				CLANG_WARN_ENUM_CONVERSION = YES;
				CLANG_WARN_INFINITE_RECURSION = YES;
				CLANG_WARN_INT_CONVERSION = YES;
				CLANG_WARN_NON_LITERAL_NULL_CONVERSION = YES;
				CLANG_WARN_OBJC_IMPLICIT_RETAIN_SELF = YES;
				CLANG_WARN_OBJC_LITERAL_CONVERSION = YES;
				CLANG_WARN_OBJC_ROOT_CLASS = YES_ERROR;
				CLANG_WARN_QUOTED_INCLUDE_IN_FRAMEWORK_HEADER = YES;
				CLANG_WARN_RANGE_LOOP_ANALYSIS = YES;
				CLANG_WARN_STRICT_PROTOTYPES = YES;
				CLANG_WARN_SUSPICIOUS_MOVE = YES;
				CLANG_WARN_UNGUARDED_AVAILABILITY = YES_AGGRESSIVE;
				CLANG_WARN_UNREACHABLE_CODE = YES;
				CLANG_WARN__DUPLICATE_METHOD_MATCH = YES;
				COPY_PHASE_STRIP = NO;
				DEBUG_INFORMATION_FORMAT = "dwarf-with-dsym";
				ENABLE_NS_ASSERTIONS = NO;
				ENABLE_STRICT_OBJC_MSGSEND = YES;
				ENABLE_USER_SCRIPT_SANDBOXING = NO;
				GCC_C_LANGUAGE_STANDARD = gnu11;
				GCC_NO_COMMON_BLOCKS = YES;
				GCC_WARN_64_TO_32_BIT_CONVERSION = YES;
				GCC_WARN_ABOUT_RETURN_TYPE = YES_ERROR;
				GCC_WARN_UNDECLARED_SELECTOR = YES;
				GCC_WARN_UNINITIALIZED_AUTOS = YES_AGGRESSIVE;
				GCC_WARN_UNUSED_FUNCTION = YES;
				GCC_WARN_UNUSED_VARIABLE = YES;
				IPHONEOS_DEPLOYMENT_TARGET = 15.0;
				MTL_ENABLE_DEBUG_INFO = NO;
				MTL_FAST_MATH = YES;
				SDKROOT = iphoneos;
				SWIFT_COMPILATION_MODE = wholemodule;
				SWIFT_OPTIMIZATION_LEVEL = "-O";
				VALIDATE_PRODUCT = YES;
			};
			name = Release;
		};
		639DA01D2547002C0011C153 /* Debug */ = {
			isa = XCBuildConfiguration;
			buildSettings = {
				ASSETCATALOG_COMPILER_APPICON_NAME = AppIcon;
				ASSETCATALOG_COMPILER_GLOBAL_ACCENT_COLOR_NAME = AccentColor;
				BUILD_LIBRARY_FOR_DISTRIBUTION = YES;
				CODE_SIGN_STYLE = Automatic;
				DEVELOPMENT_TEAM = "";
				ENABLE_BITCODE = NO;
				FRAMEWORK_SEARCH_PATHS = (
					"$(inherited)",
					"$(PROJECT_DIR)/Example",
				);
				INFOPLIST_FILE = Example/Info.plist;
				IPHONEOS_DEPLOYMENT_TARGET = 15.0;
				LD_RUNPATH_SEARCH_PATHS = (
					"$(inherited)",
					"@executable_path/Frameworks",
				);
				ONLY_ACTIVE_ARCH = YES;
				PRODUCT_BUNDLE_IDENTIFIER = com.banuba.VESDKSample;
				PRODUCT_NAME = "$(TARGET_NAME)";
				SWIFT_VERSION = 5.0;
				TARGETED_DEVICE_FAMILY = 1;
				VALIDATE_WORKSPACE = YES;
			};
			name = Debug;
		};
		639DA01E2547002C0011C153 /* Release */ = {
			isa = XCBuildConfiguration;
			buildSettings = {
				ASSETCATALOG_COMPILER_APPICON_NAME = AppIcon;
				ASSETCATALOG_COMPILER_GLOBAL_ACCENT_COLOR_NAME = AccentColor;
				BUILD_LIBRARY_FOR_DISTRIBUTION = YES;
				CODE_SIGN_STYLE = Automatic;
				DEVELOPMENT_TEAM = "";
				ENABLE_BITCODE = NO;
				FRAMEWORK_SEARCH_PATHS = (
					"$(inherited)",
					"$(PROJECT_DIR)/Example",
				);
				INFOPLIST_FILE = Example/Info.plist;
				IPHONEOS_DEPLOYMENT_TARGET = 15.0;
				LD_RUNPATH_SEARCH_PATHS = (
					"$(inherited)",
					"@executable_path/Frameworks",
				);
				ONLY_ACTIVE_ARCH = YES;
				PRODUCT_BUNDLE_IDENTIFIER = com.banuba.VESDKSample;
				PRODUCT_NAME = "$(TARGET_NAME)";
				SWIFT_VERSION = 5.0;
				TARGETED_DEVICE_FAMILY = 1;
				VALIDATE_WORKSPACE = YES;
			};
			name = Release;
		};
/* End XCBuildConfiguration section */

/* Begin XCConfigurationList section */
		639DA003254700290011C153 /* Build configuration list for PBXProject "Example" */ = {
			isa = XCConfigurationList;
			buildConfigurations = (
				639DA01A2547002C0011C153 /* Debug */,
				639DA01B2547002C0011C153 /* Release */,
			);
			defaultConfigurationIsVisible = 0;
			defaultConfigurationName = Release;
		};
		639DA01C2547002C0011C153 /* Build configuration list for PBXNativeTarget "Example" */ = {
			isa = XCConfigurationList;
			buildConfigurations = (
				639DA01D2547002C0011C153 /* Debug */,
				639DA01E2547002C0011C153 /* Release */,
			);
			defaultConfigurationIsVisible = 0;
			defaultConfigurationName = Release;
		};
/* End XCConfigurationList section */

/* Begin XCRemoteSwiftPackageReference section */
		637989D52BB5953C00479105 /* XCRemoteSwiftPackageReference "BanubaSDK-iOS" */ = {
			isa = XCRemoteSwiftPackageReference;
			repositoryURL = "https://github.com/Banuba/BanubaSDK-iOS";
			requirement = {
				kind = upToNextMajorVersion;
				minimumVersion = 1.35.5;
			};
		};
		637E50F32BB6DDEC005B2937 /* XCRemoteSwiftPackageReference "BNBSdkCore" */ = {
			isa = XCRemoteSwiftPackageReference;
			repositoryURL = "https://github.com/sdk-banuba/BNBSdkCore.git";
			requirement = {
				kind = exactVersion;
				version = 1.12.0;
			};
		};
		637E50F62BB6DE1E005B2937 /* XCRemoteSwiftPackageReference "BNBSdkApi" */ = {
			isa = XCRemoteSwiftPackageReference;
			repositoryURL = "https://github.com/sdk-banuba/BNBSdkApi";
			requirement = {
				kind = exactVersion;
				version = 1.12.0;
			};
		};
		63CF1CC72B6CEB110038D920 /* XCRemoteSwiftPackageReference "BanubaARCloudSDK-IOS" */ = {
			isa = XCRemoteSwiftPackageReference;
			repositoryURL = "https://github.com/Banuba/BanubaARCloudSDK-IOS.git";
			requirement = {
				kind = upToNextMajorVersion;
				minimumVersion = 1.35.5;
			};
		};
		63CF1CCA2B6CEB1B0038D920 /* XCRemoteSwiftPackageReference "BanubaAudioBrowserSDK-iOS" */ = {
			isa = XCRemoteSwiftPackageReference;
			repositoryURL = "https://github.com/Banuba/BanubaAudioBrowserSDK-iOS.git";
			requirement = {
				kind = upToNextMajorVersion;
				minimumVersion = 1.35.5;
			};
		};
		63CF1CCD2B6CEB250038D920 /* XCRemoteSwiftPackageReference "BanubaLicenseServicingSDK" */ = {
			isa = XCRemoteSwiftPackageReference;
			repositoryURL = "https://github.com/Banuba/BanubaLicenseServicingSDK.git";
			requirement = {
				kind = upToNextMajorVersion;
				minimumVersion = 1.35.5;
			};
		};
		63CF1CD02B6CEB2F0038D920 /* XCRemoteSwiftPackageReference "BanubaSDKServicing-iOS" */ = {
			isa = XCRemoteSwiftPackageReference;
			repositoryURL = "https://github.com/Banuba/BanubaSDKServicing-iOS.git";
			requirement = {
				kind = upToNextMajorVersion;
				minimumVersion = 1.35.5;
			};
		};
		63CF1CD32B6CEB360038D920 /* XCRemoteSwiftPackageReference "BanubaSDKSimple-IOS" */ = {
			isa = XCRemoteSwiftPackageReference;
			repositoryURL = "https://github.com/Banuba/BanubaSDKSimple-IOS.git";
			requirement = {
				kind = upToNextMajorVersion;
				minimumVersion = 1.35.5;
			};
		};
		63CF1CD62B6CEB400038D920 /* XCRemoteSwiftPackageReference "BanubaUtilities-iOS" */ = {
			isa = XCRemoteSwiftPackageReference;
			repositoryURL = "https://github.com/Banuba/BanubaUtilities-iOS.git";
			requirement = {
				kind = upToNextMajorVersion;
				minimumVersion = 1.35.5;
			};
		};
		63CF1CD92B6CEB490038D920 /* XCRemoteSwiftPackageReference "VideoEditor-iOS" */ = {
			isa = XCRemoteSwiftPackageReference;
			repositoryURL = "https://github.com/Banuba/VideoEditor-iOS.git";
			requirement = {
				kind = upToNextMajorVersion;
				minimumVersion = 1.35.5;
			};
		};
		63CF1CDC2B6CEB520038D920 /* XCRemoteSwiftPackageReference "BanubaVideoEditorGallerySDK" */ = {
			isa = XCRemoteSwiftPackageReference;
			repositoryURL = "https://github.com/Banuba/BanubaVideoEditorGallerySDK.git";
			requirement = {
				kind = upToNextMajorVersion;
				minimumVersion = 1.35.5;
			};
		};
		63CF1CDF2B6CEB5D0038D920 /* XCRemoteSwiftPackageReference "BanubaVideoEditorSDK-iOS" */ = {
			isa = XCRemoteSwiftPackageReference;
			repositoryURL = "https://github.com/Banuba/BanubaVideoEditorSDK-iOS.git";
			requirement = {
				kind = upToNextMajorVersion;
				minimumVersion = 1.35.5;
			};
		};
		63CF1CE22B6CEB920038D920 /* XCRemoteSwiftPackageReference "BNBLicenseUtils-iOS" */ = {
			isa = XCRemoteSwiftPackageReference;
			repositoryURL = "https://github.com/Banuba/BNBLicenseUtils-iOS.git";
			requirement = {
				kind = upToNextMajorVersion;
				minimumVersion = 1.35.5;
			};
		};
		63CF1CE52B6CEBFF0038D920 /* XCRemoteSwiftPackageReference "VEEffectsSDK-iOS" */ = {
			isa = XCRemoteSwiftPackageReference;
			repositoryURL = "https://github.com/Banuba/VEEffectsSDK-iOS.git";
			requirement = {
				kind = upToNextMajorVersion;
				minimumVersion = 1.35.5;
			};
		};
		63CF1CE82B6CEC210038D920 /* XCRemoteSwiftPackageReference "VEExportSDK-iOS" */ = {
			isa = XCRemoteSwiftPackageReference;
			repositoryURL = "https://github.com/Banuba/VEExportSDK-iOS.git";
			requirement = {
				kind = upToNextMajorVersion;
				minimumVersion = 1.35.5;
			};
		};
		63CF1CEB2B6CEC430038D920 /* XCRemoteSwiftPackageReference "VEPlaybackSDK-iOS" */ = {
			isa = XCRemoteSwiftPackageReference;
			repositoryURL = "https://github.com/Banuba/VEPlaybackSDK-iOS.git";
			requirement = {
				kind = upToNextMajorVersion;
				minimumVersion = 1.35.5;
			};
		};
		8AD7FE2E26F358370072AF33 /* XCRemoteSwiftPackageReference "lottie-ios" */ = {
			isa = XCRemoteSwiftPackageReference;
			repositoryURL = "https://github.com/airbnb/lottie-ios";
			requirement = {
				kind = exactVersion;
				version = 4.4.3;
			};
		};
		8AD7FE3126F358720072AF33 /* XCRemoteSwiftPackageReference "BSImagePicker" */ = {
			isa = XCRemoteSwiftPackageReference;
			repositoryURL = "https://github.com/mikaoj/BSImagePicker";
			requirement = {
				kind = exactVersion;
				version = 3.3.1;
			};
		};
/* End XCRemoteSwiftPackageReference section */

/* Begin XCSwiftPackageProductDependency section */
		637989D62BB5953C00479105 /* BanubaSdk */ = {
			isa = XCSwiftPackageProductDependency;
			package = 637989D52BB5953C00479105 /* XCRemoteSwiftPackageReference "BanubaSDK-iOS" */;
			productName = BanubaSdk;
		};
		637E50F42BB6DDEC005B2937 /* BNBSdkCore */ = {
			isa = XCSwiftPackageProductDependency;
			package = 637E50F32BB6DDEC005B2937 /* XCRemoteSwiftPackageReference "BNBSdkCore" */;
			productName = BNBSdkCore;
		};
		637E50F72BB6DE1E005B2937 /* BNBSdkApi */ = {
			isa = XCSwiftPackageProductDependency;
			package = 637E50F62BB6DE1E005B2937 /* XCRemoteSwiftPackageReference "BNBSdkApi" */;
			productName = BNBSdkApi;
		};
		63CF1CC82B6CEB110038D920 /* BanubaARCloudSDK */ = {
			isa = XCSwiftPackageProductDependency;
			package = 63CF1CC72B6CEB110038D920 /* XCRemoteSwiftPackageReference "BanubaARCloudSDK-IOS" */;
			productName = BanubaARCloudSDK;
		};
		63CF1CCB2B6CEB1B0038D920 /* BanubaAudioBrowserSDK */ = {
			isa = XCSwiftPackageProductDependency;
			package = 63CF1CCA2B6CEB1B0038D920 /* XCRemoteSwiftPackageReference "BanubaAudioBrowserSDK-iOS" */;
			productName = BanubaAudioBrowserSDK;
		};
		63CF1CCE2B6CEB250038D920 /* BanubaLicenseServicingSDK */ = {
			isa = XCSwiftPackageProductDependency;
			package = 63CF1CCD2B6CEB250038D920 /* XCRemoteSwiftPackageReference "BanubaLicenseServicingSDK" */;
			productName = BanubaLicenseServicingSDK;
		};
		63CF1CD12B6CEB2F0038D920 /* BanubaSDKServicing */ = {
			isa = XCSwiftPackageProductDependency;
			package = 63CF1CD02B6CEB2F0038D920 /* XCRemoteSwiftPackageReference "BanubaSDKServicing-iOS" */;
			productName = BanubaSDKServicing;
		};
		63CF1CD42B6CEB360038D920 /* BanubaSdkSimple */ = {
			isa = XCSwiftPackageProductDependency;
			package = 63CF1CD32B6CEB360038D920 /* XCRemoteSwiftPackageReference "BanubaSDKSimple-IOS" */;
			productName = BanubaSdkSimple;
		};
		63CF1CD72B6CEB400038D920 /* BanubaUtilities */ = {
			isa = XCSwiftPackageProductDependency;
			package = 63CF1CD62B6CEB400038D920 /* XCRemoteSwiftPackageReference "BanubaUtilities-iOS" */;
			productName = BanubaUtilities;
		};
		63CF1CDA2B6CEB490038D920 /* VideoEditor */ = {
			isa = XCSwiftPackageProductDependency;
			package = 63CF1CD92B6CEB490038D920 /* XCRemoteSwiftPackageReference "VideoEditor-iOS" */;
			productName = VideoEditor;
		};
		63CF1CDD2B6CEB520038D920 /* BanubaVideoEditorGallerySDK */ = {
			isa = XCSwiftPackageProductDependency;
			package = 63CF1CDC2B6CEB520038D920 /* XCRemoteSwiftPackageReference "BanubaVideoEditorGallerySDK" */;
			productName = BanubaVideoEditorGallerySDK;
		};
		63CF1CE02B6CEB5D0038D920 /* BanubaVideoEditorSDK */ = {
			isa = XCSwiftPackageProductDependency;
			package = 63CF1CDF2B6CEB5D0038D920 /* XCRemoteSwiftPackageReference "BanubaVideoEditorSDK-iOS" */;
			productName = BanubaVideoEditorSDK;
		};
		63CF1CE32B6CEB920038D920 /* BNBLicenseUtils */ = {
			isa = XCSwiftPackageProductDependency;
			package = 63CF1CE22B6CEB920038D920 /* XCRemoteSwiftPackageReference "BNBLicenseUtils-iOS" */;
			productName = BNBLicenseUtils;
		};
		63CF1CE62B6CEBFF0038D920 /* VEEffectsSDK */ = {
			isa = XCSwiftPackageProductDependency;
			package = 63CF1CE52B6CEBFF0038D920 /* XCRemoteSwiftPackageReference "VEEffectsSDK-iOS" */;
			productName = VEEffectsSDK;
		};
		63CF1CE92B6CEC210038D920 /* VEExportSDK */ = {
			isa = XCSwiftPackageProductDependency;
			package = 63CF1CE82B6CEC210038D920 /* XCRemoteSwiftPackageReference "VEExportSDK-iOS" */;
			productName = VEExportSDK;
		};
		63CF1CEC2B6CEC430038D920 /* VEPlaybackSDK */ = {
			isa = XCSwiftPackageProductDependency;
			package = 63CF1CEB2B6CEC430038D920 /* XCRemoteSwiftPackageReference "VEPlaybackSDK-iOS" */;
			productName = VEPlaybackSDK;
		};
		8AD7FE2F26F358370072AF33 /* Lottie */ = {
			isa = XCSwiftPackageProductDependency;
			package = 8AD7FE2E26F358370072AF33 /* XCRemoteSwiftPackageReference "lottie-ios" */;
			productName = Lottie;
		};
		8AD7FE3226F358720072AF33 /* BSImagePicker */ = {
			isa = XCSwiftPackageProductDependency;
			package = 8AD7FE3126F358720072AF33 /* XCRemoteSwiftPackageReference "BSImagePicker" */;
			productName = BSImagePicker;
		};
/* End XCSwiftPackageProductDependency section */
	};
	rootObject = 639DA000254700290011C153 /* Project object */;
}
