// !$*UTF8*$!
{
	archiveVersion = 1;
	classes = {
	};
	objectVersion = 53;
	objects = {

/* Begin PBXBuildFile section */
		634FAC04255C351900FB0DBC /* Localizable.strings in Resources */ = {isa = PBXBuildFile; fileRef = 634FAC06255C351900FB0DBC /* Localizable.strings */; };
		635DB1AC2548541000B1C799 /* luts in Resources */ = {isa = PBXBuildFile; fileRef = 635DB1AA2548541000B1C799 /* luts */; };
		637B56D22A28B7DA0099DDA2 /* VideoEditorModule.swift in Sources */ = {isa = PBXBuildFile; fileRef = 637B56D12A28B7DA0099DDA2 /* VideoEditorModule.swift */; };
		639DA00C254700290011C153 /* AppDelegate.swift in Sources */ = {isa = PBXBuildFile; fileRef = 639DA00B254700290011C153 /* AppDelegate.swift */; };
		639DA010254700290011C153 /* ViewController.swift in Sources */ = {isa = PBXBuildFile; fileRef = 639DA00F254700290011C153 /* ViewController.swift */; };
		639DA013254700290011C153 /* Main.storyboard in Resources */ = {isa = PBXBuildFile; fileRef = 639DA011254700290011C153 /* Main.storyboard */; };
		639DA0182547002C0011C153 /* LaunchScreen.storyboard in Resources */ = {isa = PBXBuildFile; fileRef = 639DA0162547002C0011C153 /* LaunchScreen.storyboard */; };
		8A32EED0258CB5430098F852 /* bundleEffects in Resources */ = {isa = PBXBuildFile; fileRef = 8A32EECF258CB5430098F852 /* bundleEffects */; };
		8A32EEDF258CB70C0098F852 /* Assets.xcassets in Resources */ = {isa = PBXBuildFile; fileRef = 8A32EEDE258CB70C0098F852 /* Assets.xcassets */; };
		8AD7FE3026F358370072AF33 /* Lottie in Frameworks */ = {isa = PBXBuildFile; productRef = 8AD7FE2F26F358370072AF33 /* Lottie */; };
		8AD7FE3326F358720072AF33 /* BSImagePicker in Frameworks */ = {isa = PBXBuildFile; productRef = 8AD7FE3226F358720072AF33 /* BSImagePicker */; };
		8AF977AA28AF95E700F7D386 /* BNBLicenseUtilsPackage in Frameworks */ = {isa = PBXBuildFile; productRef = 8AF977A928AF95E700F7D386 /* BNBLicenseUtilsPackage */; };
		8AF977AC28AF95E700F7D386 /* BanubaARCloudSDKPackage in Frameworks */ = {isa = PBXBuildFile; productRef = 8AF977AB28AF95E700F7D386 /* BanubaARCloudSDKPackage */; };
		8AF977AE28AF95E700F7D386 /* BanubaAudioBrowserSDKPackage in Frameworks */ = {isa = PBXBuildFile; productRef = 8AF977AD28AF95E700F7D386 /* BanubaAudioBrowserSDKPackage */; };
		8AF977B028AF95E700F7D386 /* BanubaEffectPlayerPackage in Frameworks */ = {isa = PBXBuildFile; productRef = 8AF977AF28AF95E700F7D386 /* BanubaEffectPlayerPackage */; };
		8AF977B228AF95E700F7D386 /* BanubaLicenseServicingSDKPackage in Frameworks */ = {isa = PBXBuildFile; productRef = 8AF977B128AF95E700F7D386 /* BanubaLicenseServicingSDKPackage */; };
		8AF977B828AF95E700F7D386 /* BanubaSDKPackage in Frameworks */ = {isa = PBXBuildFile; productRef = 8AF977B728AF95E700F7D386 /* BanubaSDKPackage */; };
		8AF977BA28AF95E700F7D386 /* BanubaSDKServicingPackage in Frameworks */ = {isa = PBXBuildFile; productRef = 8AF977B928AF95E700F7D386 /* BanubaSDKServicingPackage */; };
		8AF977BC28AF95E700F7D386 /* BanubaSDKSimplePackage in Frameworks */ = {isa = PBXBuildFile; productRef = 8AF977BB28AF95E700F7D386 /* BanubaSDKSimplePackage */; };
		8AF977C028AF95E700F7D386 /* BanubaUtilitiesPackage in Frameworks */ = {isa = PBXBuildFile; productRef = 8AF977BF28AF95E700F7D386 /* BanubaUtilitiesPackage */; };
		8AF977C228AF95E700F7D386 /* BanubaVideoEditorGallerySDKPackage in Frameworks */ = {isa = PBXBuildFile; productRef = 8AF977C128AF95E700F7D386 /* BanubaVideoEditorGallerySDKPackage */; };
		8AF977C428AF95E700F7D386 /* BanubaVideoEditorSDKPackage in Frameworks */ = {isa = PBXBuildFile; productRef = 8AF977C328AF95E700F7D386 /* BanubaVideoEditorSDKPackage */; };
		8AF977C828AF95E700F7D386 /* VEEffectsSDKPackage in Frameworks */ = {isa = PBXBuildFile; productRef = 8AF977C728AF95E700F7D386 /* VEEffectsSDKPackage */; };
		8AF977CA28AF95E700F7D386 /* VEExportSDKPackage in Frameworks */ = {isa = PBXBuildFile; productRef = 8AF977C928AF95E700F7D386 /* VEExportSDKPackage */; };
		8AF977CC28AF95E700F7D386 /* VEPlaybackSDKPackage in Frameworks */ = {isa = PBXBuildFile; productRef = 8AF977CB28AF95E700F7D386 /* VEPlaybackSDKPackage */; };
		8AF977CE28AF95E700F7D386 /* VideoEditorPackage in Frameworks */ = {isa = PBXBuildFile; productRef = 8AF977CD28AF95E700F7D386 /* VideoEditorPackage */; };
/* End PBXBuildFile section */

/* Begin PBXFileReference section */
		634FAC05255C351900FB0DBC /* en */ = {isa = PBXFileReference; lastKnownFileType = text.plist.strings; name = en; path = en.lproj/Localizable.strings; sourceTree = "<group>"; };
		634FAC07255C357400FB0DBC /* ru */ = {isa = PBXFileReference; lastKnownFileType = text.plist.strings; name = ru; path = ru.lproj/Localizable.strings; sourceTree = "<group>"; };
		635DB1AA2548541000B1C799 /* luts */ = {isa = PBXFileReference; lastKnownFileType = folder; path = luts; sourceTree = "<group>"; };
		637B56D12A28B7DA0099DDA2 /* VideoEditorModule.swift */ = {isa = PBXFileReference; fileEncoding = 4; lastKnownFileType = sourcecode.swift; path = VideoEditorModule.swift; sourceTree = "<group>"; };
		639DA008254700290011C153 /* Example.app */ = {isa = PBXFileReference; explicitFileType = wrapper.application; includeInIndex = 0; path = Example.app; sourceTree = BUILT_PRODUCTS_DIR; };
		639DA00B254700290011C153 /* AppDelegate.swift */ = {isa = PBXFileReference; indentWidth = 2; lastKnownFileType = sourcecode.swift; path = AppDelegate.swift; sourceTree = "<group>"; tabWidth = 2; };
		639DA00F254700290011C153 /* ViewController.swift */ = {isa = PBXFileReference; indentWidth = 2; lastKnownFileType = sourcecode.swift; path = ViewController.swift; sourceTree = "<group>"; tabWidth = 2; };
		639DA012254700290011C153 /* Base */ = {isa = PBXFileReference; lastKnownFileType = file.storyboard; name = Base; path = Base.lproj/Main.storyboard; sourceTree = "<group>"; };
		639DA0172547002C0011C153 /* Base */ = {isa = PBXFileReference; lastKnownFileType = file.storyboard; name = Base; path = Base.lproj/LaunchScreen.storyboard; sourceTree = "<group>"; };
		639DA0192547002C0011C153 /* Info.plist */ = {isa = PBXFileReference; lastKnownFileType = text.plist.xml; path = Info.plist; sourceTree = "<group>"; };
		8A32EECF258CB5430098F852 /* bundleEffects */ = {isa = PBXFileReference; lastKnownFileType = folder; path = bundleEffects; sourceTree = "<group>"; };
		8A32EEDE258CB70C0098F852 /* Assets.xcassets */ = {isa = PBXFileReference; lastKnownFileType = folder.assetcatalog; path = Assets.xcassets; sourceTree = "<group>"; };
/* End PBXFileReference section */

/* Begin PBXFrameworksBuildPhase section */
		639DA005254700290011C153 /* Frameworks */ = {
			isa = PBXFrameworksBuildPhase;
			buildActionMask = 2147483647;
			files = (
				8AF977C428AF95E700F7D386 /* BanubaVideoEditorSDKPackage in Frameworks */,
				8AF977B028AF95E700F7D386 /* BanubaEffectPlayerPackage in Frameworks */,
				8AF977C028AF95E700F7D386 /* BanubaUtilitiesPackage in Frameworks */,
				8AF977CE28AF95E700F7D386 /* VideoEditorPackage in Frameworks */,
				8AF977B828AF95E700F7D386 /* BanubaSDKPackage in Frameworks */,
				8AF977CC28AF95E700F7D386 /* VEPlaybackSDKPackage in Frameworks */,
				8AF977B228AF95E700F7D386 /* BanubaLicenseServicingSDKPackage in Frameworks */,
				8AF977BA28AF95E700F7D386 /* BanubaSDKServicingPackage in Frameworks */,
				8AF977AC28AF95E700F7D386 /* BanubaARCloudSDKPackage in Frameworks */,
				8AF977C228AF95E700F7D386 /* BanubaVideoEditorGallerySDKPackage in Frameworks */,
				8AD7FE3026F358370072AF33 /* Lottie in Frameworks */,
				8AF977C828AF95E700F7D386 /* VEEffectsSDKPackage in Frameworks */,
				8AF977AE28AF95E700F7D386 /* BanubaAudioBrowserSDKPackage in Frameworks */,
				8AF977AA28AF95E700F7D386 /* BNBLicenseUtilsPackage in Frameworks */,
				8AD7FE3326F358720072AF33 /* BSImagePicker in Frameworks */,
				8AF977CA28AF95E700F7D386 /* VEExportSDKPackage in Frameworks */,
				8AF977BC28AF95E700F7D386 /* BanubaSDKSimplePackage in Frameworks */,
			);
			runOnlyForDeploymentPostprocessing = 0;
		};
/* End PBXFrameworksBuildPhase section */

/* Begin PBXGroup section */
		6388C5F4254833CE005C017A /* Frameworks */ = {
			isa = PBXGroup;
			children = (
			);
			name = Frameworks;
			sourceTree = "<group>";
		};
		639D9FFF254700290011C153 = {
			isa = PBXGroup;
			children = (
				639DA00A254700290011C153 /* Example */,
				639DA009254700290011C153 /* Products */,
				6388C5F4254833CE005C017A /* Frameworks */,
			);
			sourceTree = "<group>";
		};
		639DA009254700290011C153 /* Products */ = {
			isa = PBXGroup;
			children = (
				639DA008254700290011C153 /* Example.app */,
			);
			name = Products;
			sourceTree = "<group>";
		};
		639DA00A254700290011C153 /* Example */ = {
			isa = PBXGroup;
			children = (
				8A32EEDE258CB70C0098F852 /* Assets.xcassets */,
				8A32EECF258CB5430098F852 /* bundleEffects */,
				639DA00B254700290011C153 /* AppDelegate.swift */,
				637B56D12A28B7DA0099DDA2 /* VideoEditorModule.swift */,
				639DA00F254700290011C153 /* ViewController.swift */,
				634FAC06255C351900FB0DBC /* Localizable.strings */,
				639DA011254700290011C153 /* Main.storyboard */,
				635DB1AA2548541000B1C799 /* luts */,
				639DA0162547002C0011C153 /* LaunchScreen.storyboard */,
				639DA0192547002C0011C153 /* Info.plist */,
			);
			path = Example;
			sourceTree = "<group>";
		};
/* End PBXGroup section */

/* Begin PBXNativeTarget section */
		639DA007254700290011C153 /* Example */ = {
			isa = PBXNativeTarget;
			buildConfigurationList = 639DA01C2547002C0011C153 /* Build configuration list for PBXNativeTarget "Example" */;
			buildPhases = (
				639DA004254700290011C153 /* Sources */,
				639DA005254700290011C153 /* Frameworks */,
				639DA006254700290011C153 /* Resources */,
			);
			buildRules = (
			);
			dependencies = (
			);
			name = Example;
			packageProductDependencies = (
				8AD7FE2F26F358370072AF33 /* Lottie */,
				8AD7FE3226F358720072AF33 /* BSImagePicker */,
				8AF977A928AF95E700F7D386 /* BNBLicenseUtilsPackage */,
				8AF977AB28AF95E700F7D386 /* BanubaARCloudSDKPackage */,
				8AF977AD28AF95E700F7D386 /* BanubaAudioBrowserSDKPackage */,
				8AF977AF28AF95E700F7D386 /* BanubaEffectPlayerPackage */,
				8AF977B128AF95E700F7D386 /* BanubaLicenseServicingSDKPackage */,
				8AF977B728AF95E700F7D386 /* BanubaSDKPackage */,
				8AF977B928AF95E700F7D386 /* BanubaSDKServicingPackage */,
				8AF977BB28AF95E700F7D386 /* BanubaSDKSimplePackage */,
				8AF977BF28AF95E700F7D386 /* BanubaUtilitiesPackage */,
				8AF977C128AF95E700F7D386 /* BanubaVideoEditorGallerySDKPackage */,
				8AF977C328AF95E700F7D386 /* BanubaVideoEditorSDKPackage */,
				8AF977C728AF95E700F7D386 /* VEEffectsSDKPackage */,
				8AF977C928AF95E700F7D386 /* VEExportSDKPackage */,
				8AF977CB28AF95E700F7D386 /* VEPlaybackSDKPackage */,
				8AF977CD28AF95E700F7D386 /* VideoEditorPackage */,
			);
			productName = Example;
			productReference = 639DA008254700290011C153 /* Example.app */;
			productType = "com.apple.product-type.application";
		};
/* End PBXNativeTarget section */

/* Begin PBXProject section */
		639DA000254700290011C153 /* Project object */ = {
			isa = PBXProject;
			attributes = {
				BuildIndependentTargetsInParallel = YES;
				LastSwiftUpdateCheck = 1210;
				LastUpgradeCheck = 1430;
				TargetAttributes = {
					639DA007254700290011C153 = {
						CreatedOnToolsVersion = 12.1;
					};
				};
			};
			buildConfigurationList = 639DA003254700290011C153 /* Build configuration list for PBXProject "Example" */;
			compatibilityVersion = "Xcode 9.3";
			developmentRegion = en;
			hasScannedForEncodings = 0;
			knownRegions = (
				en,
				Base,
				ru,
			);
			mainGroup = 639D9FFF254700290011C153;
			packageReferences = (
				8AD7FE2E26F358370072AF33 /* XCRemoteSwiftPackageReference "lottie-ios" */,
				8AD7FE3126F358720072AF33 /* XCRemoteSwiftPackageReference "BSImagePicker" */,
				8AF977A828AF95E700F7D386 /* XCRemoteSwiftPackageReference "spm" */,
			);
			productRefGroup = 639DA009254700290011C153 /* Products */;
			projectDirPath = "";
			projectRoot = "";
			targets = (
				639DA007254700290011C153 /* Example */,
			);
		};
/* End PBXProject section */

/* Begin PBXResourcesBuildPhase section */
		639DA006254700290011C153 /* Resources */ = {
			isa = PBXResourcesBuildPhase;
			buildActionMask = 2147483647;
			files = (
				634FAC04255C351900FB0DBC /* Localizable.strings in Resources */,
				639DA0182547002C0011C153 /* LaunchScreen.storyboard in Resources */,
				635DB1AC2548541000B1C799 /* luts in Resources */,
				639DA013254700290011C153 /* Main.storyboard in Resources */,
				8A32EEDF258CB70C0098F852 /* Assets.xcassets in Resources */,
				8A32EED0258CB5430098F852 /* bundleEffects in Resources */,
			);
			runOnlyForDeploymentPostprocessing = 0;
		};
/* End PBXResourcesBuildPhase section */

/* Begin PBXSourcesBuildPhase section */
		639DA004254700290011C153 /* Sources */ = {
			isa = PBXSourcesBuildPhase;
			buildActionMask = 2147483647;
			files = (
				637B56D22A28B7DA0099DDA2 /* VideoEditorModule.swift in Sources */,
				639DA010254700290011C153 /* ViewController.swift in Sources */,
				639DA00C254700290011C153 /* AppDelegate.swift in Sources */,
			);
			runOnlyForDeploymentPostprocessing = 0;
		};
/* End PBXSourcesBuildPhase section */

/* Begin PBXVariantGroup section */
		634FAC06255C351900FB0DBC /* Localizable.strings */ = {
			isa = PBXVariantGroup;
			children = (
				634FAC05255C351900FB0DBC /* en */,
				634FAC07255C357400FB0DBC /* ru */,
			);
			name = Localizable.strings;
			sourceTree = "<group>";
		};
		639DA011254700290011C153 /* Main.storyboard */ = {
			isa = PBXVariantGroup;
			children = (
				639DA012254700290011C153 /* Base */,
			);
			name = Main.storyboard;
			sourceTree = "<group>";
		};
		639DA0162547002C0011C153 /* LaunchScreen.storyboard */ = {
			isa = PBXVariantGroup;
			children = (
				639DA0172547002C0011C153 /* Base */,
			);
			name = LaunchScreen.storyboard;
			sourceTree = "<group>";
		};
/* End PBXVariantGroup section */

/* Begin XCBuildConfiguration section */
		639DA01A2547002C0011C153 /* Debug */ = {
			isa = XCBuildConfiguration;
			buildSettings = {
				ALWAYS_SEARCH_USER_PATHS = NO;
				CLANG_ANALYZER_LOCALIZABILITY_NONLOCALIZED = YES;
				CLANG_ANALYZER_NONNULL = YES;
				CLANG_ANALYZER_NUMBER_OBJECT_CONVERSION = YES_AGGRESSIVE;
				CLANG_CXX_LANGUAGE_STANDARD = "gnu++14";
				CLANG_CXX_LIBRARY = "libc++";
				CLANG_ENABLE_MODULES = YES;
				CLANG_ENABLE_OBJC_ARC = YES;
				CLANG_ENABLE_OBJC_WEAK = YES;
				CLANG_WARN_BLOCK_CAPTURE_AUTORELEASING = YES;
				CLANG_WARN_BOOL_CONVERSION = YES;
				CLANG_WARN_COMMA = YES;
				CLANG_WARN_CONSTANT_CONVERSION = YES;
				CLANG_WARN_DEPRECATED_OBJC_IMPLEMENTATIONS = YES;
				CLANG_WARN_DIRECT_OBJC_ISA_USAGE = YES_ERROR;
				CLANG_WARN_DOCUMENTATION_COMMENTS = YES;
				CLANG_WARN_EMPTY_BODY = YES;
				CLANG_WARN_ENUM_CONVERSION = YES;
				CLANG_WARN_INFINITE_RECURSION = YES;
				CLANG_WARN_INT_CONVERSION = YES;
				CLANG_WARN_NON_LITERAL_NULL_CONVERSION = YES;
				CLANG_WARN_OBJC_IMPLICIT_RETAIN_SELF = YES;
				CLANG_WARN_OBJC_LITERAL_CONVERSION = YES;
				CLANG_WARN_OBJC_ROOT_CLASS = YES_ERROR;
				CLANG_WARN_QUOTED_INCLUDE_IN_FRAMEWORK_HEADER = YES;
				CLANG_WARN_RANGE_LOOP_ANALYSIS = YES;
				CLANG_WARN_STRICT_PROTOTYPES = YES;
				CLANG_WARN_SUSPICIOUS_MOVE = YES;
				CLANG_WARN_UNGUARDED_AVAILABILITY = YES_AGGRESSIVE;
				CLANG_WARN_UNREACHABLE_CODE = YES;
				CLANG_WARN__DUPLICATE_METHOD_MATCH = YES;
				COPY_PHASE_STRIP = NO;
				DEBUG_INFORMATION_FORMAT = dwarf;
				ENABLE_STRICT_OBJC_MSGSEND = YES;
				ENABLE_TESTABILITY = YES;
				GCC_C_LANGUAGE_STANDARD = gnu11;
				GCC_DYNAMIC_NO_PIC = NO;
				GCC_NO_COMMON_BLOCKS = YES;
				GCC_OPTIMIZATION_LEVEL = 0;
				GCC_PREPROCESSOR_DEFINITIONS = (
					"DEBUG=1",
					"$(inherited)",
				);
				GCC_WARN_64_TO_32_BIT_CONVERSION = YES;
				GCC_WARN_ABOUT_RETURN_TYPE = YES_ERROR;
				GCC_WARN_UNDECLARED_SELECTOR = YES;
				GCC_WARN_UNINITIALIZED_AUTOS = YES_AGGRESSIVE;
				GCC_WARN_UNUSED_FUNCTION = YES;
				GCC_WARN_UNUSED_VARIABLE = YES;
				IPHONEOS_DEPLOYMENT_TARGET = 14.1;
				MTL_ENABLE_DEBUG_INFO = INCLUDE_SOURCE;
				MTL_FAST_MATH = YES;
				ONLY_ACTIVE_ARCH = YES;
				SDKROOT = iphoneos;
				SWIFT_ACTIVE_COMPILATION_CONDITIONS = DEBUG;
				SWIFT_OPTIMIZATION_LEVEL = "-Onone";
			};
			name = Debug;
		};
		639DA01B2547002C0011C153 /* Release */ = {
			isa = XCBuildConfiguration;
			buildSettings = {
				ALWAYS_SEARCH_USER_PATHS = NO;
				CLANG_ANALYZER_LOCALIZABILITY_NONLOCALIZED = YES;
				CLANG_ANALYZER_NONNULL = YES;
				CLANG_ANALYZER_NUMBER_OBJECT_CONVERSION = YES_AGGRESSIVE;
				CLANG_CXX_LANGUAGE_STANDARD = "gnu++14";
				CLANG_CXX_LIBRARY = "libc++";
				CLANG_ENABLE_MODULES = YES;
				CLANG_ENABLE_OBJC_ARC = YES;
				CLANG_ENABLE_OBJC_WEAK = YES;
				CLANG_WARN_BLOCK_CAPTURE_AUTORELEASING = YES;
				CLANG_WARN_BOOL_CONVERSION = YES;
				CLANG_WARN_COMMA = YES;
				CLANG_WARN_CONSTANT_CONVERSION = YES;
				CLANG_WARN_DEPRECATED_OBJC_IMPLEMENTATIONS = YES;
				CLANG_WARN_DIRECT_OBJC_ISA_USAGE = YES_ERROR;
				CLANG_WARN_DOCUMENTATION_COMMENTS = YES;
				CLANG_WARN_EMPTY_BODY = YES;
				CLANG_WARN_ENUM_CONVERSION = YES;
				CLANG_WARN_INFINITE_RECURSION = YES;
				CLANG_WARN_INT_CONVERSION = YES;
				CLANG_WARN_NON_LITERAL_NULL_CONVERSION = YES;
				CLANG_WARN_OBJC_IMPLICIT_RETAIN_SELF = YES;
				CLANG_WARN_OBJC_LITERAL_CONVERSION = YES;
				CLANG_WARN_OBJC_ROOT_CLASS = YES_ERROR;
				CLANG_WARN_QUOTED_INCLUDE_IN_FRAMEWORK_HEADER = YES;
				CLANG_WARN_RANGE_LOOP_ANALYSIS = YES;
				CLANG_WARN_STRICT_PROTOTYPES = YES;
				CLANG_WARN_SUSPICIOUS_MOVE = YES;
				CLANG_WARN_UNGUARDED_AVAILABILITY = YES_AGGRESSIVE;
				CLANG_WARN_UNREACHABLE_CODE = YES;
				CLANG_WARN__DUPLICATE_METHOD_MATCH = YES;
				COPY_PHASE_STRIP = NO;
				DEBUG_INFORMATION_FORMAT = "dwarf-with-dsym";
				ENABLE_NS_ASSERTIONS = NO;
				ENABLE_STRICT_OBJC_MSGSEND = YES;
				GCC_C_LANGUAGE_STANDARD = gnu11;
				GCC_NO_COMMON_BLOCKS = YES;
				GCC_WARN_64_TO_32_BIT_CONVERSION = YES;
				GCC_WARN_ABOUT_RETURN_TYPE = YES_ERROR;
				GCC_WARN_UNDECLARED_SELECTOR = YES;
				GCC_WARN_UNINITIALIZED_AUTOS = YES_AGGRESSIVE;
				GCC_WARN_UNUSED_FUNCTION = YES;
				GCC_WARN_UNUSED_VARIABLE = YES;
				IPHONEOS_DEPLOYMENT_TARGET = 14.1;
				MTL_ENABLE_DEBUG_INFO = NO;
				MTL_FAST_MATH = YES;
				SDKROOT = iphoneos;
				SWIFT_COMPILATION_MODE = wholemodule;
				SWIFT_OPTIMIZATION_LEVEL = "-O";
				VALIDATE_PRODUCT = YES;
			};
			name = Release;
		};
		639DA01D2547002C0011C153 /* Debug */ = {
			isa = XCBuildConfiguration;
			buildSettings = {
				ASSETCATALOG_COMPILER_APPICON_NAME = AppIcon;
				ASSETCATALOG_COMPILER_GLOBAL_ACCENT_COLOR_NAME = AccentColor;
				BUILD_LIBRARY_FOR_DISTRIBUTION = YES;
				CODE_SIGN_STYLE = Automatic;
				DEVELOPMENT_TEAM = 8W9QCBMQCU;
				ENABLE_BITCODE = NO;
				FRAMEWORK_SEARCH_PATHS = (
					"$(inherited)",
					"$(PROJECT_DIR)/Example",
				);
				INFOPLIST_FILE = Example/Info.plist;
				IPHONEOS_DEPLOYMENT_TARGET = 13.0;
				LD_RUNPATH_SEARCH_PATHS = (
					"$(inherited)",
					"@executable_path/Frameworks",
				);
				ONLY_ACTIVE_ARCH = YES;
				PRODUCT_BUNDLE_IDENTIFIER = com.banuba.VESDKSample;
				PRODUCT_NAME = "$(TARGET_NAME)";
				SWIFT_VERSION = 5.0;
				TARGETED_DEVICE_FAMILY = 1;
				VALIDATE_WORKSPACE = YES;
			};
			name = Debug;
		};
		639DA01E2547002C0011C153 /* Release */ = {
			isa = XCBuildConfiguration;
			buildSettings = {
				ASSETCATALOG_COMPILER_APPICON_NAME = AppIcon;
				ASSETCATALOG_COMPILER_GLOBAL_ACCENT_COLOR_NAME = AccentColor;
				BUILD_LIBRARY_FOR_DISTRIBUTION = YES;
				CODE_SIGN_STYLE = Automatic;
				DEVELOPMENT_TEAM = 8W9QCBMQCU;
				ENABLE_BITCODE = NO;
				FRAMEWORK_SEARCH_PATHS = (
					"$(inherited)",
					"$(PROJECT_DIR)/Example",
				);
				INFOPLIST_FILE = Example/Info.plist;
				IPHONEOS_DEPLOYMENT_TARGET = 13.0;
				LD_RUNPATH_SEARCH_PATHS = (
					"$(inherited)",
					"@executable_path/Frameworks",
				);
				ONLY_ACTIVE_ARCH = YES;
				PRODUCT_BUNDLE_IDENTIFIER = com.banuba.VESDKSample;
				PRODUCT_NAME = "$(TARGET_NAME)";
				SWIFT_VERSION = 5.0;
				TARGETED_DEVICE_FAMILY = 1;
				VALIDATE_WORKSPACE = YES;
			};
			name = Release;
		};
/* End XCBuildConfiguration section */

/* Begin XCConfigurationList section */
		639DA003254700290011C153 /* Build configuration list for PBXProject "Example" */ = {
			isa = XCConfigurationList;
			buildConfigurations = (
				639DA01A2547002C0011C153 /* Debug */,
				639DA01B2547002C0011C153 /* Release */,
			);
			defaultConfigurationIsVisible = 0;
			defaultConfigurationName = Release;
		};
		639DA01C2547002C0011C153 /* Build configuration list for PBXNativeTarget "Example" */ = {
			isa = XCConfigurationList;
			buildConfigurations = (
				639DA01D2547002C0011C153 /* Debug */,
				639DA01E2547002C0011C153 /* Release */,
			);
			defaultConfigurationIsVisible = 0;
			defaultConfigurationName = Release;
		};
/* End XCConfigurationList section */

/* Begin XCRemoteSwiftPackageReference section */
		8AD7FE2E26F358370072AF33 /* XCRemoteSwiftPackageReference "lottie-ios" */ = {
			isa = XCRemoteSwiftPackageReference;
			repositoryURL = "https://github.com/airbnb/lottie-ios";
			requirement = {
				kind = upToNextMajorVersion;
				minimumVersion = 3.2.3;
			};
		};
		8AD7FE3126F358720072AF33 /* XCRemoteSwiftPackageReference "BSImagePicker" */ = {
			isa = XCRemoteSwiftPackageReference;
			repositoryURL = "https://github.com/mikaoj/BSImagePicker";
			requirement = {
				kind = upToNextMajorVersion;
				minimumVersion = 3.3.1;
			};
		};
		8AF977A828AF95E700F7D386 /* XCRemoteSwiftPackageReference "spm" */ = {
			isa = XCRemoteSwiftPackageReference;
			repositoryURL = "https://github.com/Banuba/spm";
			requirement = {
				kind = exactVersion;
				version = 1.30.0;
			};
		};
/* End XCRemoteSwiftPackageReference section */

/* Begin XCSwiftPackageProductDependency section */
		8AD7FE2F26F358370072AF33 /* Lottie */ = {
			isa = XCSwiftPackageProductDependency;
			package = 8AD7FE2E26F358370072AF33 /* XCRemoteSwiftPackageReference "lottie-ios" */;
			productName = Lottie;
		};
		8AD7FE3226F358720072AF33 /* BSImagePicker */ = {
			isa = XCSwiftPackageProductDependency;
			package = 8AD7FE3126F358720072AF33 /* XCRemoteSwiftPackageReference "BSImagePicker" */;
			productName = BSImagePicker;
		};
		8AF977A928AF95E700F7D386 /* BNBLicenseUtilsPackage */ = {
			isa = XCSwiftPackageProductDependency;
			package = 8AF977A828AF95E700F7D386 /* XCRemoteSwiftPackageReference "spm" */;
			productName = BNBLicenseUtilsPackage;
		};
		8AF977AB28AF95E700F7D386 /* BanubaARCloudSDKPackage */ = {
			isa = XCSwiftPackageProductDependency;
			package = 8AF977A828AF95E700F7D386 /* XCRemoteSwiftPackageReference "spm" */;
			productName = BanubaARCloudSDKPackage;
		};
		8AF977AD28AF95E700F7D386 /* BanubaAudioBrowserSDKPackage */ = {
			isa = XCSwiftPackageProductDependency;
			package = 8AF977A828AF95E700F7D386 /* XCRemoteSwiftPackageReference "spm" */;
			productName = BanubaAudioBrowserSDKPackage;
		};
		8AF977AF28AF95E700F7D386 /* BanubaEffectPlayerPackage */ = {
			isa = XCSwiftPackageProductDependency;
			package = 8AF977A828AF95E700F7D386 /* XCRemoteSwiftPackageReference "spm" */;
			productName = BanubaEffectPlayerPackage;
		};
		8AF977B128AF95E700F7D386 /* BanubaLicenseServicingSDKPackage */ = {
			isa = XCSwiftPackageProductDependency;
			package = 8AF977A828AF95E700F7D386 /* XCRemoteSwiftPackageReference "spm" */;
			productName = BanubaLicenseServicingSDKPackage;
		};
		8AF977B728AF95E700F7D386 /* BanubaSDKPackage */ = {
			isa = XCSwiftPackageProductDependency;
			package = 8AF977A828AF95E700F7D386 /* XCRemoteSwiftPackageReference "spm" */;
			productName = BanubaSDKPackage;
		};
		8AF977B928AF95E700F7D386 /* BanubaSDKServicingPackage */ = {
			isa = XCSwiftPackageProductDependency;
			package = 8AF977A828AF95E700F7D386 /* XCRemoteSwiftPackageReference "spm" */;
			productName = BanubaSDKServicingPackage;
		};
		8AF977BB28AF95E700F7D386 /* BanubaSDKSimplePackage */ = {
			isa = XCSwiftPackageProductDependency;
			package = 8AF977A828AF95E700F7D386 /* XCRemoteSwiftPackageReference "spm" */;
			productName = BanubaSDKSimplePackage;
		};
		8AF977BF28AF95E700F7D386 /* BanubaUtilitiesPackage */ = {
			isa = XCSwiftPackageProductDependency;
			package = 8AF977A828AF95E700F7D386 /* XCRemoteSwiftPackageReference "spm" */;
			productName = BanubaUtilitiesPackage;
		};
		8AF977C128AF95E700F7D386 /* BanubaVideoEditorGallerySDKPackage */ = {
			isa = XCSwiftPackageProductDependency;
			package = 8AF977A828AF95E700F7D386 /* XCRemoteSwiftPackageReference "spm" */;
			productName = BanubaVideoEditorGallerySDKPackage;
		};
		8AF977C328AF95E700F7D386 /* BanubaVideoEditorSDKPackage */ = {
			isa = XCSwiftPackageProductDependency;
			package = 8AF977A828AF95E700F7D386 /* XCRemoteSwiftPackageReference "spm" */;
			productName = BanubaVideoEditorSDKPackage;
		};
		8AF977C728AF95E700F7D386 /* VEEffectsSDKPackage */ = {
			isa = XCSwiftPackageProductDependency;
			package = 8AF977A828AF95E700F7D386 /* XCRemoteSwiftPackageReference "spm" */;
			productName = VEEffectsSDKPackage;
		};
		8AF977C928AF95E700F7D386 /* VEExportSDKPackage */ = {
			isa = XCSwiftPackageProductDependency;
			package = 8AF977A828AF95E700F7D386 /* XCRemoteSwiftPackageReference "spm" */;
			productName = VEExportSDKPackage;
		};
		8AF977CB28AF95E700F7D386 /* VEPlaybackSDKPackage */ = {
			isa = XCSwiftPackageProductDependency;
			package = 8AF977A828AF95E700F7D386 /* XCRemoteSwiftPackageReference "spm" */;
			productName = VEPlaybackSDKPackage;
		};
		8AF977CD28AF95E700F7D386 /* VideoEditorPackage */ = {
			isa = XCSwiftPackageProductDependency;
			package = 8AF977A828AF95E700F7D386 /* XCRemoteSwiftPackageReference "spm" */;
			productName = VideoEditorPackage;
		};
/* End XCSwiftPackageProductDependency section */
	};
	rootObject = 639DA000254700290011C153 /* Project object */;
}
