// !$*UTF8*$!
{
	archiveVersion = 1;
	classes = {
	};
	objectVersion = 52;
	objects = {

/* Begin PBXBuildFile section */
		5104FE4028897DBB009D62D1 /* SandboxVoiceFilterProvider.swift in Sources */ = {isa = PBXBuildFile; fileRef = 5104FE3F28897DBB009D62D1 /* SandboxVoiceFilterProvider.swift */; };
		510612852606839C00176389 /* AlertViewConfiguration.swift in Sources */ = {isa = PBXBuildFile; fileRef = 510612842606839C00176389 /* AlertViewConfiguration.swift */; };
		5191FED7266755C300B842EA /* TrimConfiguration.swift in Sources */ = {isa = PBXBuildFile; fileRef = 5191FED6266755C300B842EA /* TrimConfiguration.swift */; };
		519D5B2A266905CC000A3B48 /* CoverConfiguration.swift in Sources */ = {isa = PBXBuildFile; fileRef = 519D5B29266905CC000A3B48 /* CoverConfiguration.swift */; };
		51D07DE12607B27900BB48D9 /* CombinedGalleryConfiguration.swift in Sources */ = {isa = PBXBuildFile; fileRef = 51D07DE02607B27900BB48D9 /* CombinedGalleryConfiguration.swift */; };
		51D07DE72607B87000BB48D9 /* EditorConfiguration.swift in Sources */ = {isa = PBXBuildFile; fileRef = 51D07DE62607B87000BB48D9 /* EditorConfiguration.swift */; };
		51D07DEB2607BCA400BB48D9 /* MusicEditorConfig.swift in Sources */ = {isa = PBXBuildFile; fileRef = 51D07DEA2607BCA400BB48D9 /* MusicEditorConfig.swift */; };
		51D07DEF2607C8BE00BB48D9 /* OverlayEditorConfiguration.swift in Sources */ = {isa = PBXBuildFile; fileRef = 51D07DEE2607C8BE00BB48D9 /* OverlayEditorConfiguration.swift */; };
		51D07DF42607D51E00BB48D9 /* RecorderConfiguration.swift in Sources */ = {isa = PBXBuildFile; fileRef = 51D07DF32607D51E00BB48D9 /* RecorderConfiguration.swift */; };
		51D07DF82607DFFC00BB48D9 /* HandsfreeConfiguration.swift in Sources */ = {isa = PBXBuildFile; fileRef = 51D07DF72607DFFC00BB48D9 /* HandsfreeConfiguration.swift */; };
		51E97A5A26CFC5E500E0E4C4 /* VideoPicker.swift in Sources */ = {isa = PBXBuildFile; fileRef = 51E97A5926CFC5E500E0E4C4 /* VideoPicker.swift */; };
		634FAC04255C351900FB0DBC /* Localizable.strings in Resources */ = {isa = PBXBuildFile; fileRef = 634FAC06255C351900FB0DBC /* Localizable.strings */; };
		635DB1AC2548541000B1C799 /* luts in Resources */ = {isa = PBXBuildFile; fileRef = 635DB1AA2548541000B1C799 /* luts */; };
		635E864525A5DA230035AB99 /* EffectSelection.storyboard in Resources */ = {isa = PBXBuildFile; fileRef = 635E864125A5DA230035AB99 /* EffectSelection.storyboard */; };
		635E864625A5DA230035AB99 /* TrackSelection.storyboard in Resources */ = {isa = PBXBuildFile; fileRef = 635E864225A5DA230035AB99 /* TrackSelection.storyboard */; };
		635E864725A5DA240035AB99 /* EffectPickerViewController.swift in Sources */ = {isa = PBXBuildFile; fileRef = 635E864325A5DA230035AB99 /* EffectPickerViewController.swift */; };
		635E864825A5DA240035AB99 /* TrackPickerViewController.swift in Sources */ = {isa = PBXBuildFile; fileRef = 635E864425A5DA230035AB99 /* TrackPickerViewController.swift */; };
		639DA00C254700290011C153 /* AppDelegate.swift in Sources */ = {isa = PBXBuildFile; fileRef = 639DA00B254700290011C153 /* AppDelegate.swift */; };
		639DA010254700290011C153 /* ViewController.swift in Sources */ = {isa = PBXBuildFile; fileRef = 639DA00F254700290011C153 /* ViewController.swift */; };
		639DA013254700290011C153 /* Main.storyboard in Resources */ = {isa = PBXBuildFile; fileRef = 639DA011254700290011C153 /* Main.storyboard */; };
		639DA0182547002C0011C153 /* LaunchScreen.storyboard in Resources */ = {isa = PBXBuildFile; fileRef = 639DA0162547002C0011C153 /* LaunchScreen.storyboard */; };
		8A32EED0258CB5430098F852 /* bundleEffects in Resources */ = {isa = PBXBuildFile; fileRef = 8A32EECF258CB5430098F852 /* bundleEffects */; };
		8A32EEDF258CB70C0098F852 /* Assets.xcassets in Resources */ = {isa = PBXBuildFile; fileRef = 8A32EEDE258CB70C0098F852 /* Assets.xcassets */; };
		8A8C2515258CC35400FDED05 /* MusicEditorViewControllerFactory.swift in Sources */ = {isa = PBXBuildFile; fileRef = 8A8C250F258CC35400FDED05 /* MusicEditorViewControllerFactory.swift */; };
		8A8C2516258CC35400FDED05 /* ViewControllerFactory.swift in Sources */ = {isa = PBXBuildFile; fileRef = 8A8C2510258CC35400FDED05 /* ViewControllerFactory.swift */; };
		8A8C2517258CC35400FDED05 /* AnimationView+CountdownTimerAnimatableView.swift in Sources */ = {isa = PBXBuildFile; fileRef = 8A8C2511258CC35400FDED05 /* AnimationView+CountdownTimerAnimatableView.swift */; };
		8A8C2518258CC35400FDED05 /* AudioBrowserConfigurator.swift in Sources */ = {isa = PBXBuildFile; fileRef = 8A8C2512258CC35400FDED05 /* AudioBrowserConfigurator.swift */; };
		8A8C2519258CC35400FDED05 /* CountdownTimerViewControllerFactory.swift in Sources */ = {isa = PBXBuildFile; fileRef = 8A8C2513258CC35400FDED05 /* CountdownTimerViewControllerFactory.swift */; };
		8AA67D0C258CDADE00D8FF7F /* LottieAnimation in Resources */ = {isa = PBXBuildFile; fileRef = 8AA67D0B258CDADE00D8FF7F /* LottieAnimation */; };
		8AA67D0E258CDB1300D8FF7F /* Music in Resources */ = {isa = PBXBuildFile; fileRef = 8AA67D0D258CDB1300D8FF7F /* Music */; };
		8AD7FE3026F358370072AF33 /* Lottie in Frameworks */ = {isa = PBXBuildFile; productRef = 8AD7FE2F26F358370072AF33 /* Lottie */; };
		8AD7FE3326F358720072AF33 /* BSImagePicker in Frameworks */ = {isa = PBXBuildFile; productRef = 8AD7FE3226F358720072AF33 /* BSImagePicker */; };
		8AF977AA28AF95E700F7D386 /* BNBLicenseUtilsPackage in Frameworks */ = {isa = PBXBuildFile; productRef = 8AF977A928AF95E700F7D386 /* BNBLicenseUtilsPackage */; };
		8AF977AC28AF95E700F7D386 /* BanubaARCloudSDKPackage in Frameworks */ = {isa = PBXBuildFile; productRef = 8AF977AB28AF95E700F7D386 /* BanubaARCloudSDKPackage */; };
		8AF977AE28AF95E700F7D386 /* BanubaAudioBrowserSDKPackage in Frameworks */ = {isa = PBXBuildFile; productRef = 8AF977AD28AF95E700F7D386 /* BanubaAudioBrowserSDKPackage */; };
		8AF977B028AF95E700F7D386 /* BanubaEffectPlayerPackage in Frameworks */ = {isa = PBXBuildFile; productRef = 8AF977AF28AF95E700F7D386 /* BanubaEffectPlayerPackage */; };
		8AF977B228AF95E700F7D386 /* BanubaLicenseServicingSDKPackage in Frameworks */ = {isa = PBXBuildFile; productRef = 8AF977B128AF95E700F7D386 /* BanubaLicenseServicingSDKPackage */; };
		8AF977B428AF95E700F7D386 /* BanubaMusicEditorSDKPackage in Frameworks */ = {isa = PBXBuildFile; productRef = 8AF977B328AF95E700F7D386 /* BanubaMusicEditorSDKPackage */; };
		8AF977B628AF95E700F7D386 /* BanubaOverlayEditorSDKPackage in Frameworks */ = {isa = PBXBuildFile; productRef = 8AF977B528AF95E700F7D386 /* BanubaOverlayEditorSDKPackage */; };
		8AF977B828AF95E700F7D386 /* BanubaSDKPackage in Frameworks */ = {isa = PBXBuildFile; productRef = 8AF977B728AF95E700F7D386 /* BanubaSDKPackage */; };
		8AF977BA28AF95E700F7D386 /* BanubaSDKServicingPackage in Frameworks */ = {isa = PBXBuildFile; productRef = 8AF977B928AF95E700F7D386 /* BanubaSDKServicingPackage */; };
		8AF977BC28AF95E700F7D386 /* BanubaSDKSimplePackage in Frameworks */ = {isa = PBXBuildFile; productRef = 8AF977BB28AF95E700F7D386 /* BanubaSDKSimplePackage */; };
		8AF977BE28AF95E700F7D386 /* BanubaTokenStorageSDKPackage in Frameworks */ = {isa = PBXBuildFile; productRef = 8AF977BD28AF95E700F7D386 /* BanubaTokenStorageSDKPackage */; };
		8AF977C028AF95E700F7D386 /* BanubaUtilitiesPackage in Frameworks */ = {isa = PBXBuildFile; productRef = 8AF977BF28AF95E700F7D386 /* BanubaUtilitiesPackage */; };
		8AF977C228AF95E700F7D386 /* BanubaVideoEditorGallerySDKPackage in Frameworks */ = {isa = PBXBuildFile; productRef = 8AF977C128AF95E700F7D386 /* BanubaVideoEditorGallerySDKPackage */; };
		8AF977C428AF95E700F7D386 /* BanubaVideoEditorSDKPackage in Frameworks */ = {isa = PBXBuildFile; productRef = 8AF977C328AF95E700F7D386 /* BanubaVideoEditorSDKPackage */; };
		8AF977C628AF95E700F7D386 /* BanubaVideoEditorTrimSDKPackage in Frameworks */ = {isa = PBXBuildFile; productRef = 8AF977C528AF95E700F7D386 /* BanubaVideoEditorTrimSDKPackage */; };
		8AF977C828AF95E700F7D386 /* VEEffectsSDKPackage in Frameworks */ = {isa = PBXBuildFile; productRef = 8AF977C728AF95E700F7D386 /* VEEffectsSDKPackage */; };
		8AF977CA28AF95E700F7D386 /* VEExportSDKPackage in Frameworks */ = {isa = PBXBuildFile; productRef = 8AF977C928AF95E700F7D386 /* VEExportSDKPackage */; };
		8AF977CC28AF95E700F7D386 /* VEPlaybackSDKPackage in Frameworks */ = {isa = PBXBuildFile; productRef = 8AF977CB28AF95E700F7D386 /* VEPlaybackSDKPackage */; };
		8AF977CE28AF95E700F7D386 /* VideoEditorPackage in Frameworks */ = {isa = PBXBuildFile; productRef = 8AF977CD28AF95E700F7D386 /* VideoEditorPackage */; };
/* End PBXBuildFile section */

/* Begin PBXFileReference section */
		5104FE3F28897DBB009D62D1 /* SandboxVoiceFilterProvider.swift */ = {isa = PBXFileReference; lastKnownFileType = sourcecode.swift; path = SandboxVoiceFilterProvider.swift; sourceTree = "<group>"; };
		510612842606839C00176389 /* AlertViewConfiguration.swift */ = {isa = PBXFileReference; fileEncoding = 4; lastKnownFileType = sourcecode.swift; path = AlertViewConfiguration.swift; sourceTree = "<group>"; };
		5191FED6266755C300B842EA /* TrimConfiguration.swift */ = {isa = PBXFileReference; lastKnownFileType = sourcecode.swift; path = TrimConfiguration.swift; sourceTree = "<group>"; };
		519D5B29266905CC000A3B48 /* CoverConfiguration.swift */ = {isa = PBXFileReference; lastKnownFileType = sourcecode.swift; path = CoverConfiguration.swift; sourceTree = "<group>"; };
		51D07DE02607B27900BB48D9 /* CombinedGalleryConfiguration.swift */ = {isa = PBXFileReference; lastKnownFileType = sourcecode.swift; path = CombinedGalleryConfiguration.swift; sourceTree = "<group>"; };
		51D07DE62607B87000BB48D9 /* EditorConfiguration.swift */ = {isa = PBXFileReference; lastKnownFileType = sourcecode.swift; path = EditorConfiguration.swift; sourceTree = "<group>"; };
		51D07DEA2607BCA400BB48D9 /* MusicEditorConfig.swift */ = {isa = PBXFileReference; lastKnownFileType = sourcecode.swift; path = MusicEditorConfig.swift; sourceTree = "<group>"; };
		51D07DEE2607C8BE00BB48D9 /* OverlayEditorConfiguration.swift */ = {isa = PBXFileReference; lastKnownFileType = sourcecode.swift; path = OverlayEditorConfiguration.swift; sourceTree = "<group>"; };
		51D07DF32607D51E00BB48D9 /* RecorderConfiguration.swift */ = {isa = PBXFileReference; lastKnownFileType = sourcecode.swift; path = RecorderConfiguration.swift; sourceTree = "<group>"; };
		51D07DF72607DFFC00BB48D9 /* HandsfreeConfiguration.swift */ = {isa = PBXFileReference; lastKnownFileType = sourcecode.swift; path = HandsfreeConfiguration.swift; sourceTree = "<group>"; };
		51E97A5926CFC5E500E0E4C4 /* VideoPicker.swift */ = {isa = PBXFileReference; lastKnownFileType = sourcecode.swift; path = VideoPicker.swift; sourceTree = "<group>"; };
		634FAC05255C351900FB0DBC /* en */ = {isa = PBXFileReference; lastKnownFileType = text.plist.strings; name = en; path = en.lproj/Localizable.strings; sourceTree = "<group>"; };
		634FAC07255C357400FB0DBC /* ru */ = {isa = PBXFileReference; lastKnownFileType = text.plist.strings; name = ru; path = ru.lproj/Localizable.strings; sourceTree = "<group>"; };
		635DB1AA2548541000B1C799 /* luts */ = {isa = PBXFileReference; lastKnownFileType = folder; path = luts; sourceTree = "<group>"; };
		635E864125A5DA230035AB99 /* EffectSelection.storyboard */ = {isa = PBXFileReference; fileEncoding = 4; lastKnownFileType = file.storyboard; path = EffectSelection.storyboard; sourceTree = "<group>"; };
		635E864225A5DA230035AB99 /* TrackSelection.storyboard */ = {isa = PBXFileReference; fileEncoding = 4; lastKnownFileType = file.storyboard; path = TrackSelection.storyboard; sourceTree = "<group>"; };
		635E864325A5DA230035AB99 /* EffectPickerViewController.swift */ = {isa = PBXFileReference; fileEncoding = 4; lastKnownFileType = sourcecode.swift; path = EffectPickerViewController.swift; sourceTree = "<group>"; };
		635E864425A5DA230035AB99 /* TrackPickerViewController.swift */ = {isa = PBXFileReference; fileEncoding = 4; lastKnownFileType = sourcecode.swift; path = TrackPickerViewController.swift; sourceTree = "<group>"; };
		6388C61F254838BB005C017A /* BanubaEffectPlayer.framework */ = {isa = PBXFileReference; lastKnownFileType = wrapper.framework; name = BanubaEffectPlayer.framework; path = Example/BanubaEffectPlayer.framework; sourceTree = "<group>"; };
		639DA008254700290011C153 /* Example.app */ = {isa = PBXFileReference; explicitFileType = wrapper.application; includeInIndex = 0; path = Example.app; sourceTree = BUILT_PRODUCTS_DIR; };
		639DA00B254700290011C153 /* AppDelegate.swift */ = {isa = PBXFileReference; lastKnownFileType = sourcecode.swift; path = AppDelegate.swift; sourceTree = "<group>"; };
		639DA00F254700290011C153 /* ViewController.swift */ = {isa = PBXFileReference; lastKnownFileType = sourcecode.swift; path = ViewController.swift; sourceTree = "<group>"; };
		639DA012254700290011C153 /* Base */ = {isa = PBXFileReference; lastKnownFileType = file.storyboard; name = Base; path = Base.lproj/Main.storyboard; sourceTree = "<group>"; };
		639DA0172547002C0011C153 /* Base */ = {isa = PBXFileReference; lastKnownFileType = file.storyboard; name = Base; path = Base.lproj/LaunchScreen.storyboard; sourceTree = "<group>"; };
		639DA0192547002C0011C153 /* Info.plist */ = {isa = PBXFileReference; lastKnownFileType = text.plist.xml; path = Info.plist; sourceTree = "<group>"; };
		8A32EECF258CB5430098F852 /* bundleEffects */ = {isa = PBXFileReference; lastKnownFileType = folder; path = bundleEffects; sourceTree = "<group>"; };
		8A32EEDE258CB70C0098F852 /* Assets.xcassets */ = {isa = PBXFileReference; lastKnownFileType = folder.assetcatalog; path = Assets.xcassets; sourceTree = "<group>"; };
		8A8C250F258CC35400FDED05 /* MusicEditorViewControllerFactory.swift */ = {isa = PBXFileReference; fileEncoding = 4; lastKnownFileType = sourcecode.swift; path = MusicEditorViewControllerFactory.swift; sourceTree = "<group>"; };
		8A8C2510258CC35400FDED05 /* ViewControllerFactory.swift */ = {isa = PBXFileReference; fileEncoding = 4; lastKnownFileType = sourcecode.swift; path = ViewControllerFactory.swift; sourceTree = "<group>"; };
		8A8C2511258CC35400FDED05 /* AnimationView+CountdownTimerAnimatableView.swift */ = {isa = PBXFileReference; fileEncoding = 4; lastKnownFileType = sourcecode.swift; path = "AnimationView+CountdownTimerAnimatableView.swift"; sourceTree = "<group>"; };
		8A8C2512258CC35400FDED05 /* AudioBrowserConfigurator.swift */ = {isa = PBXFileReference; fileEncoding = 4; lastKnownFileType = sourcecode.swift; path = AudioBrowserConfigurator.swift; sourceTree = "<group>"; };
		8A8C2513258CC35400FDED05 /* CountdownTimerViewControllerFactory.swift */ = {isa = PBXFileReference; fileEncoding = 4; lastKnownFileType = sourcecode.swift; path = CountdownTimerViewControllerFactory.swift; sourceTree = "<group>"; };
		8AA67CA8258CD5CA00D8FF7F /* BanubaAudioBrowserSDK.xcframework */ = {isa = PBXFileReference; lastKnownFileType = wrapper.xcframework; name = BanubaAudioBrowserSDK.xcframework; path = ../BanubaAudioBrowserSDK.xcframework; sourceTree = "<group>"; };
		8AA67D0B258CDADE00D8FF7F /* LottieAnimation */ = {isa = PBXFileReference; lastKnownFileType = folder; path = LottieAnimation; sourceTree = "<group>"; };
		8AA67D0D258CDB1300D8FF7F /* Music */ = {isa = PBXFileReference; lastKnownFileType = folder; path = Music; sourceTree = "<group>"; };
		8AFC95CF269DC12D00B4114B /* BNBLicenseUtils.xcframework */ = {isa = PBXFileReference; lastKnownFileType = wrapper.xcframework; path = BNBLicenseUtils.xcframework; sourceTree = "<group>"; };
/* End PBXFileReference section */

/* Begin PBXFrameworksBuildPhase section */
		639DA005254700290011C153 /* Frameworks */ = {
			isa = PBXFrameworksBuildPhase;
			buildActionMask = 2147483647;
			files = (
				8AF977C428AF95E700F7D386 /* BanubaVideoEditorSDKPackage in Frameworks */,
				8AF977B028AF95E700F7D386 /* BanubaEffectPlayerPackage in Frameworks */,
				8AF977C028AF95E700F7D386 /* BanubaUtilitiesPackage in Frameworks */,
				8AF977CE28AF95E700F7D386 /* VideoEditorPackage in Frameworks */,
				8AF977B828AF95E700F7D386 /* BanubaSDKPackage in Frameworks */,
				8AF977CC28AF95E700F7D386 /* VEPlaybackSDKPackage in Frameworks */,
				8AF977B228AF95E700F7D386 /* BanubaLicenseServicingSDKPackage in Frameworks */,
				8AF977C628AF95E700F7D386 /* BanubaVideoEditorTrimSDKPackage in Frameworks */,
				8AF977B428AF95E700F7D386 /* BanubaMusicEditorSDKPackage in Frameworks */,
				8AF977BA28AF95E700F7D386 /* BanubaSDKServicingPackage in Frameworks */,
				8AF977BE28AF95E700F7D386 /* BanubaTokenStorageSDKPackage in Frameworks */,
				8AF977AC28AF95E700F7D386 /* BanubaARCloudSDKPackage in Frameworks */,
				8AF977C228AF95E700F7D386 /* BanubaVideoEditorGallerySDKPackage in Frameworks */,
				8AD7FE3026F358370072AF33 /* Lottie in Frameworks */,
				8AF977C828AF95E700F7D386 /* VEEffectsSDKPackage in Frameworks */,
				8AF977AE28AF95E700F7D386 /* BanubaAudioBrowserSDKPackage in Frameworks */,
				8AF977AA28AF95E700F7D386 /* BNBLicenseUtilsPackage in Frameworks */,
				8AD7FE3326F358720072AF33 /* BSImagePicker in Frameworks */,
				8AF977CA28AF95E700F7D386 /* VEExportSDKPackage in Frameworks */,
				8AF977B628AF95E700F7D386 /* BanubaOverlayEditorSDKPackage in Frameworks */,
				8AF977BC28AF95E700F7D386 /* BanubaSDKSimplePackage in Frameworks */,
			);
			runOnlyForDeploymentPostprocessing = 0;
		};
/* End PBXFrameworksBuildPhase section */

/* Begin PBXGroup section */
		510612832606839C00176389 /* Extension */ = {
			isa = PBXGroup;
			children = (
				510612842606839C00176389 /* AlertViewConfiguration.swift */,
				51D07DE02607B27900BB48D9 /* CombinedGalleryConfiguration.swift */,
				51D07DE62607B87000BB48D9 /* EditorConfiguration.swift */,
				51D07DEA2607BCA400BB48D9 /* MusicEditorConfig.swift */,
				51D07DEE2607C8BE00BB48D9 /* OverlayEditorConfiguration.swift */,
				51D07DF32607D51E00BB48D9 /* RecorderConfiguration.swift */,
				51D07DF72607DFFC00BB48D9 /* HandsfreeConfiguration.swift */,
				5191FED6266755C300B842EA /* TrimConfiguration.swift */,
				519D5B29266905CC000A3B48 /* CoverConfiguration.swift */,
			);
			path = Extension;
			sourceTree = "<group>";
		};
		6388C5F4254833CE005C017A /* Frameworks */ = {
			isa = PBXGroup;
			children = (
				8AFC95CF269DC12D00B4114B /* BNBLicenseUtils.xcframework */,
				8AA67CA8258CD5CA00D8FF7F /* BanubaAudioBrowserSDK.xcframework */,
				6388C61F254838BB005C017A /* BanubaEffectPlayer.framework */,
			);
			name = Frameworks;
			sourceTree = "<group>";
		};
		639D9FFF254700290011C153 = {
			isa = PBXGroup;
			children = (
				639DA00A254700290011C153 /* Example */,
				639DA009254700290011C153 /* Products */,
				6388C5F4254833CE005C017A /* Frameworks */,
			);
			sourceTree = "<group>";
		};
		639DA009254700290011C153 /* Products */ = {
			isa = PBXGroup;
			children = (
				639DA008254700290011C153 /* Example.app */,
			);
			name = Products;
			sourceTree = "<group>";
		};
		639DA00A254700290011C153 /* Example */ = {
			isa = PBXGroup;
			children = (
				8AA67D0D258CDB1300D8FF7F /* Music */,
				8AA67D0B258CDADE00D8FF7F /* LottieAnimation */,
				8AA67CFB258CD99B00D8FF7F /* MusicSelection */,
				8A8C250D258CC31600FDED05 /* Helpers */,
				510612832606839C00176389 /* Extension */,
				8A32EEDE258CB70C0098F852 /* Assets.xcassets */,
				8A32EECF258CB5430098F852 /* bundleEffects */,
				639DA00B254700290011C153 /* AppDelegate.swift */,
				639DA00F254700290011C153 /* ViewController.swift */,
				634FAC06255C351900FB0DBC /* Localizable.strings */,
				639DA011254700290011C153 /* Main.storyboard */,
				635DB1AA2548541000B1C799 /* luts */,
				639DA0162547002C0011C153 /* LaunchScreen.storyboard */,
				639DA0192547002C0011C153 /* Info.plist */,
			);
			path = Example;
			sourceTree = "<group>";
		};
		8A8C250D258CC31600FDED05 /* Helpers */ = {
			isa = PBXGroup;
			children = (
				8A8C2511258CC35400FDED05 /* AnimationView+CountdownTimerAnimatableView.swift */,
				8A8C2512258CC35400FDED05 /* AudioBrowserConfigurator.swift */,
				8A8C2513258CC35400FDED05 /* CountdownTimerViewControllerFactory.swift */,
				8A8C250F258CC35400FDED05 /* MusicEditorViewControllerFactory.swift */,
				8A8C2510258CC35400FDED05 /* ViewControllerFactory.swift */,
				51E97A5926CFC5E500E0E4C4 /* VideoPicker.swift */,
				5104FE3F28897DBB009D62D1 /* SandboxVoiceFilterProvider.swift */,
			);
			path = Helpers;
			sourceTree = "<group>";
		};
		8AA67CFB258CD99B00D8FF7F /* MusicSelection */ = {
			isa = PBXGroup;
			children = (
				635E864325A5DA230035AB99 /* EffectPickerViewController.swift */,
				635E864125A5DA230035AB99 /* EffectSelection.storyboard */,
				635E864425A5DA230035AB99 /* TrackPickerViewController.swift */,
				635E864225A5DA230035AB99 /* TrackSelection.storyboard */,
			);
			path = MusicSelection;
			sourceTree = "<group>";
		};
/* End PBXGroup section */

/* Begin PBXNativeTarget section */
		639DA007254700290011C153 /* Example */ = {
			isa = PBXNativeTarget;
			buildConfigurationList = 639DA01C2547002C0011C153 /* Build configuration list for PBXNativeTarget "Example" */;
			buildPhases = (
				639DA004254700290011C153 /* Sources */,
				639DA005254700290011C153 /* Frameworks */,
				639DA006254700290011C153 /* Resources */,
			);
			buildRules = (
			);
			dependencies = (
			);
			name = Example;
			packageProductDependencies = (
				8AD7FE2F26F358370072AF33 /* Lottie */,
				8AD7FE3226F358720072AF33 /* BSImagePicker */,
				8AF977A928AF95E700F7D386 /* BNBLicenseUtilsPackage */,
				8AF977AB28AF95E700F7D386 /* BanubaARCloudSDKPackage */,
				8AF977AD28AF95E700F7D386 /* BanubaAudioBrowserSDKPackage */,
				8AF977AF28AF95E700F7D386 /* BanubaEffectPlayerPackage */,
				8AF977B128AF95E700F7D386 /* BanubaLicenseServicingSDKPackage */,
				8AF977B328AF95E700F7D386 /* BanubaMusicEditorSDKPackage */,
				8AF977B528AF95E700F7D386 /* BanubaOverlayEditorSDKPackage */,
				8AF977B728AF95E700F7D386 /* BanubaSDKPackage */,
				8AF977B928AF95E700F7D386 /* BanubaSDKServicingPackage */,
				8AF977BB28AF95E700F7D386 /* BanubaSDKSimplePackage */,
				8AF977BD28AF95E700F7D386 /* BanubaTokenStorageSDKPackage */,
				8AF977BF28AF95E700F7D386 /* BanubaUtilitiesPackage */,
				8AF977C128AF95E700F7D386 /* BanubaVideoEditorGallerySDKPackage */,
				8AF977C328AF95E700F7D386 /* BanubaVideoEditorSDKPackage */,
				8AF977C528AF95E700F7D386 /* BanubaVideoEditorTrimSDKPackage */,
				8AF977C728AF95E700F7D386 /* VEEffectsSDKPackage */,
				8AF977C928AF95E700F7D386 /* VEExportSDKPackage */,
				8AF977CB28AF95E700F7D386 /* VEPlaybackSDKPackage */,
				8AF977CD28AF95E700F7D386 /* VideoEditorPackage */,
			);
			productName = Example;
			productReference = 639DA008254700290011C153 /* Example.app */;
			productType = "com.apple.product-type.application";
		};
/* End PBXNativeTarget section */

/* Begin PBXProject section */
		639DA000254700290011C153 /* Project object */ = {
			isa = PBXProject;
			attributes = {
				LastSwiftUpdateCheck = 1210;
				LastUpgradeCheck = 1310;
				TargetAttributes = {
					639DA007254700290011C153 = {
						CreatedOnToolsVersion = 12.1;
					};
				};
			};
			buildConfigurationList = 639DA003254700290011C153 /* Build configuration list for PBXProject "Example" */;
			compatibilityVersion = "Xcode 9.3";
			developmentRegion = en;
			hasScannedForEncodings = 0;
			knownRegions = (
				en,
				Base,
				ru,
			);
			mainGroup = 639D9FFF254700290011C153;
			packageReferences = (
				8AD7FE2E26F358370072AF33 /* XCRemoteSwiftPackageReference "lottie-ios" */,
				8AD7FE3126F358720072AF33 /* XCRemoteSwiftPackageReference "BSImagePicker" */,
				8AF977A828AF95E700F7D386 /* XCRemoteSwiftPackageReference "spm" */,
			);
			productRefGroup = 639DA009254700290011C153 /* Products */;
			projectDirPath = "";
			projectRoot = "";
			targets = (
				639DA007254700290011C153 /* Example */,
			);
		};
/* End PBXProject section */

/* Begin PBXResourcesBuildPhase section */
		639DA006254700290011C153 /* Resources */ = {
			isa = PBXResourcesBuildPhase;
			buildActionMask = 2147483647;
			files = (
				8AA67D0C258CDADE00D8FF7F /* LottieAnimation in Resources */,
				634FAC04255C351900FB0DBC /* Localizable.strings in Resources */,
				635E864525A5DA230035AB99 /* EffectSelection.storyboard in Resources */,
				639DA0182547002C0011C153 /* LaunchScreen.storyboard in Resources */,
				635DB1AC2548541000B1C799 /* luts in Resources */,
				8AA67D0E258CDB1300D8FF7F /* Music in Resources */,
				639DA013254700290011C153 /* Main.storyboard in Resources */,
				8A32EEDF258CB70C0098F852 /* Assets.xcassets in Resources */,
				8A32EED0258CB5430098F852 /* bundleEffects in Resources */,
				635E864625A5DA230035AB99 /* TrackSelection.storyboard in Resources */,
			);
			runOnlyForDeploymentPostprocessing = 0;
		};
/* End PBXResourcesBuildPhase section */

/* Begin PBXSourcesBuildPhase section */
		639DA004254700290011C153 /* Sources */ = {
			isa = PBXSourcesBuildPhase;
			buildActionMask = 2147483647;
			files = (
				8A8C2517258CC35400FDED05 /* AnimationView+CountdownTimerAnimatableView.swift in Sources */,
				8A8C2515258CC35400FDED05 /* MusicEditorViewControllerFactory.swift in Sources */,
				8A8C2516258CC35400FDED05 /* ViewControllerFactory.swift in Sources */,
				5104FE4028897DBB009D62D1 /* SandboxVoiceFilterProvider.swift in Sources */,
				51D07DE72607B87000BB48D9 /* EditorConfiguration.swift in Sources */,
				635E864825A5DA240035AB99 /* TrackPickerViewController.swift in Sources */,
				519D5B2A266905CC000A3B48 /* CoverConfiguration.swift in Sources */,
				51D07DEF2607C8BE00BB48D9 /* OverlayEditorConfiguration.swift in Sources */,
				51D07DF42607D51E00BB48D9 /* RecorderConfiguration.swift in Sources */,
				639DA010254700290011C153 /* ViewController.swift in Sources */,
				8A8C2518258CC35400FDED05 /* AudioBrowserConfigurator.swift in Sources */,
				51D07DE12607B27900BB48D9 /* CombinedGalleryConfiguration.swift in Sources */,
				510612852606839C00176389 /* AlertViewConfiguration.swift in Sources */,
				8A8C2519258CC35400FDED05 /* CountdownTimerViewControllerFactory.swift in Sources */,
				5191FED7266755C300B842EA /* TrimConfiguration.swift in Sources */,
				51D07DEB2607BCA400BB48D9 /* MusicEditorConfig.swift in Sources */,
				639DA00C254700290011C153 /* AppDelegate.swift in Sources */,
				51E97A5A26CFC5E500E0E4C4 /* VideoPicker.swift in Sources */,
				635E864725A5DA240035AB99 /* EffectPickerViewController.swift in Sources */,
				51D07DF82607DFFC00BB48D9 /* HandsfreeConfiguration.swift in Sources */,
			);
			runOnlyForDeploymentPostprocessing = 0;
		};
/* End PBXSourcesBuildPhase section */

/* Begin PBXVariantGroup section */
		634FAC06255C351900FB0DBC /* Localizable.strings */ = {
			isa = PBXVariantGroup;
			children = (
				634FAC05255C351900FB0DBC /* en */,
				634FAC07255C357400FB0DBC /* ru */,
			);
			name = Localizable.strings;
			sourceTree = "<group>";
		};
		639DA011254700290011C153 /* Main.storyboard */ = {
			isa = PBXVariantGroup;
			children = (
				639DA012254700290011C153 /* Base */,
			);
			name = Main.storyboard;
			sourceTree = "<group>";
		};
		639DA0162547002C0011C153 /* LaunchScreen.storyboard */ = {
			isa = PBXVariantGroup;
			children = (
				639DA0172547002C0011C153 /* Base */,
			);
			name = LaunchScreen.storyboard;
			sourceTree = "<group>";
		};
/* End PBXVariantGroup section */

/* Begin XCBuildConfiguration section */
		639DA01A2547002C0011C153 /* Debug */ = {
			isa = XCBuildConfiguration;
			buildSettings = {
				ALWAYS_SEARCH_USER_PATHS = NO;
				CLANG_ANALYZER_LOCALIZABILITY_NONLOCALIZED = YES;
				CLANG_ANALYZER_NONNULL = YES;
				CLANG_ANALYZER_NUMBER_OBJECT_CONVERSION = YES_AGGRESSIVE;
				CLANG_CXX_LANGUAGE_STANDARD = "gnu++14";
				CLANG_CXX_LIBRARY = "libc++";
				CLANG_ENABLE_MODULES = YES;
				CLANG_ENABLE_OBJC_ARC = YES;
				CLANG_ENABLE_OBJC_WEAK = YES;
				CLANG_WARN_BLOCK_CAPTURE_AUTORELEASING = YES;
				CLANG_WARN_BOOL_CONVERSION = YES;
				CLANG_WARN_COMMA = YES;
				CLANG_WARN_CONSTANT_CONVERSION = YES;
				CLANG_WARN_DEPRECATED_OBJC_IMPLEMENTATIONS = YES;
				CLANG_WARN_DIRECT_OBJC_ISA_USAGE = YES_ERROR;
				CLANG_WARN_DOCUMENTATION_COMMENTS = YES;
				CLANG_WARN_EMPTY_BODY = YES;
				CLANG_WARN_ENUM_CONVERSION = YES;
				CLANG_WARN_INFINITE_RECURSION = YES;
				CLANG_WARN_INT_CONVERSION = YES;
				CLANG_WARN_NON_LITERAL_NULL_CONVERSION = YES;
				CLANG_WARN_OBJC_IMPLICIT_RETAIN_SELF = YES;
				CLANG_WARN_OBJC_LITERAL_CONVERSION = YES;
				CLANG_WARN_OBJC_ROOT_CLASS = YES_ERROR;
				CLANG_WARN_QUOTED_INCLUDE_IN_FRAMEWORK_HEADER = YES;
				CLANG_WARN_RANGE_LOOP_ANALYSIS = YES;
				CLANG_WARN_STRICT_PROTOTYPES = YES;
				CLANG_WARN_SUSPICIOUS_MOVE = YES;
				CLANG_WARN_UNGUARDED_AVAILABILITY = YES_AGGRESSIVE;
				CLANG_WARN_UNREACHABLE_CODE = YES;
				CLANG_WARN__DUPLICATE_METHOD_MATCH = YES;
				COPY_PHASE_STRIP = NO;
				DEBUG_INFORMATION_FORMAT = dwarf;
				ENABLE_STRICT_OBJC_MSGSEND = YES;
				ENABLE_TESTABILITY = YES;
				GCC_C_LANGUAGE_STANDARD = gnu11;
				GCC_DYNAMIC_NO_PIC = NO;
				GCC_NO_COMMON_BLOCKS = YES;
				GCC_OPTIMIZATION_LEVEL = 0;
				GCC_PREPROCESSOR_DEFINITIONS = (
					"DEBUG=1",
					"$(inherited)",
				);
				GCC_WARN_64_TO_32_BIT_CONVERSION = YES;
				GCC_WARN_ABOUT_RETURN_TYPE = YES_ERROR;
				GCC_WARN_UNDECLARED_SELECTOR = YES;
				GCC_WARN_UNINITIALIZED_AUTOS = YES_AGGRESSIVE;
				GCC_WARN_UNUSED_FUNCTION = YES;
				GCC_WARN_UNUSED_VARIABLE = YES;
				IPHONEOS_DEPLOYMENT_TARGET = 14.1;
				MTL_ENABLE_DEBUG_INFO = INCLUDE_SOURCE;
				MTL_FAST_MATH = YES;
				ONLY_ACTIVE_ARCH = YES;
				SDKROOT = iphoneos;
				SWIFT_ACTIVE_COMPILATION_CONDITIONS = DEBUG;
				SWIFT_OPTIMIZATION_LEVEL = "-Onone";
			};
			name = Debug;
		};
		639DA01B2547002C0011C153 /* Release */ = {
			isa = XCBuildConfiguration;
			buildSettings = {
				ALWAYS_SEARCH_USER_PATHS = NO;
				CLANG_ANALYZER_LOCALIZABILITY_NONLOCALIZED = YES;
				CLANG_ANALYZER_NONNULL = YES;
				CLANG_ANALYZER_NUMBER_OBJECT_CONVERSION = YES_AGGRESSIVE;
				CLANG_CXX_LANGUAGE_STANDARD = "gnu++14";
				CLANG_CXX_LIBRARY = "libc++";
				CLANG_ENABLE_MODULES = YES;
				CLANG_ENABLE_OBJC_ARC = YES;
				CLANG_ENABLE_OBJC_WEAK = YES;
				CLANG_WARN_BLOCK_CAPTURE_AUTORELEASING = YES;
				CLANG_WARN_BOOL_CONVERSION = YES;
				CLANG_WARN_COMMA = YES;
				CLANG_WARN_CONSTANT_CONVERSION = YES;
				CLANG_WARN_DEPRECATED_OBJC_IMPLEMENTATIONS = YES;
				CLANG_WARN_DIRECT_OBJC_ISA_USAGE = YES_ERROR;
				CLANG_WARN_DOCUMENTATION_COMMENTS = YES;
				CLANG_WARN_EMPTY_BODY = YES;
				CLANG_WARN_ENUM_CONVERSION = YES;
				CLANG_WARN_INFINITE_RECURSION = YES;
				CLANG_WARN_INT_CONVERSION = YES;
				CLANG_WARN_NON_LITERAL_NULL_CONVERSION = YES;
				CLANG_WARN_OBJC_IMPLICIT_RETAIN_SELF = YES;
				CLANG_WARN_OBJC_LITERAL_CONVERSION = YES;
				CLANG_WARN_OBJC_ROOT_CLASS = YES_ERROR;
				CLANG_WARN_QUOTED_INCLUDE_IN_FRAMEWORK_HEADER = YES;
				CLANG_WARN_RANGE_LOOP_ANALYSIS = YES;
				CLANG_WARN_STRICT_PROTOTYPES = YES;
				CLANG_WARN_SUSPICIOUS_MOVE = YES;
				CLANG_WARN_UNGUARDED_AVAILABILITY = YES_AGGRESSIVE;
				CLANG_WARN_UNREACHABLE_CODE = YES;
				CLANG_WARN__DUPLICATE_METHOD_MATCH = YES;
				COPY_PHASE_STRIP = NO;
				DEBUG_INFORMATION_FORMAT = "dwarf-with-dsym";
				ENABLE_NS_ASSERTIONS = NO;
				ENABLE_STRICT_OBJC_MSGSEND = YES;
				GCC_C_LANGUAGE_STANDARD = gnu11;
				GCC_NO_COMMON_BLOCKS = YES;
				GCC_WARN_64_TO_32_BIT_CONVERSION = YES;
				GCC_WARN_ABOUT_RETURN_TYPE = YES_ERROR;
				GCC_WARN_UNDECLARED_SELECTOR = YES;
				GCC_WARN_UNINITIALIZED_AUTOS = YES_AGGRESSIVE;
				GCC_WARN_UNUSED_FUNCTION = YES;
				GCC_WARN_UNUSED_VARIABLE = YES;
				IPHONEOS_DEPLOYMENT_TARGET = 14.1;
				MTL_ENABLE_DEBUG_INFO = NO;
				MTL_FAST_MATH = YES;
				SDKROOT = iphoneos;
				SWIFT_COMPILATION_MODE = wholemodule;
				SWIFT_OPTIMIZATION_LEVEL = "-O";
				VALIDATE_PRODUCT = YES;
			};
			name = Release;
		};
		639DA01D2547002C0011C153 /* Debug */ = {
			isa = XCBuildConfiguration;
			buildSettings = {
				ASSETCATALOG_COMPILER_APPICON_NAME = AppIcon;
				ASSETCATALOG_COMPILER_GLOBAL_ACCENT_COLOR_NAME = AccentColor;
				BUILD_LIBRARY_FOR_DISTRIBUTION = YES;
				CODE_SIGN_STYLE = Automatic;
				DEVELOPMENT_TEAM = 8W9QCBMQCU;
				ENABLE_BITCODE = NO;
				FRAMEWORK_SEARCH_PATHS = (
					"$(inherited)",
					"$(PROJECT_DIR)/Example",
				);
				INFOPLIST_FILE = Example/Info.plist;
				IPHONEOS_DEPLOYMENT_TARGET = 12.0;
				LD_RUNPATH_SEARCH_PATHS = (
					"$(inherited)",
					"@executable_path/Frameworks",
				);
				ONLY_ACTIVE_ARCH = YES;
				PRODUCT_BUNDLE_IDENTIFIER = com.banuba.VESDKSample;
				PRODUCT_NAME = "$(TARGET_NAME)";
				SWIFT_VERSION = 5.0;
				TARGETED_DEVICE_FAMILY = 1;
				VALIDATE_WORKSPACE = YES;
			};
			name = Debug;
		};
		639DA01E2547002C0011C153 /* Release */ = {
			isa = XCBuildConfiguration;
			buildSettings = {
				ASSETCATALOG_COMPILER_APPICON_NAME = AppIcon;
				ASSETCATALOG_COMPILER_GLOBAL_ACCENT_COLOR_NAME = AccentColor;
				BUILD_LIBRARY_FOR_DISTRIBUTION = YES;
				CODE_SIGN_STYLE = Automatic;
				DEVELOPMENT_TEAM = 8W9QCBMQCU;
				ENABLE_BITCODE = NO;
				FRAMEWORK_SEARCH_PATHS = (
					"$(inherited)",
					"$(PROJECT_DIR)/Example",
				);
				INFOPLIST_FILE = Example/Info.plist;
				IPHONEOS_DEPLOYMENT_TARGET = 12.0;
				LD_RUNPATH_SEARCH_PATHS = (
					"$(inherited)",
					"@executable_path/Frameworks",
				);
				ONLY_ACTIVE_ARCH = YES;
				PRODUCT_BUNDLE_IDENTIFIER = com.banuba.VESDKSample;
				PRODUCT_NAME = "$(TARGET_NAME)";
				SWIFT_VERSION = 5.0;
				TARGETED_DEVICE_FAMILY = 1;
				VALIDATE_WORKSPACE = YES;
			};
			name = Release;
		};
/* End XCBuildConfiguration section */

/* Begin XCConfigurationList section */
		639DA003254700290011C153 /* Build configuration list for PBXProject "Example" */ = {
			isa = XCConfigurationList;
			buildConfigurations = (
				639DA01A2547002C0011C153 /* Debug */,
				639DA01B2547002C0011C153 /* Release */,
			);
			defaultConfigurationIsVisible = 0;
			defaultConfigurationName = Release;
		};
		639DA01C2547002C0011C153 /* Build configuration list for PBXNativeTarget "Example" */ = {
			isa = XCConfigurationList;
			buildConfigurations = (
				639DA01D2547002C0011C153 /* Debug */,
				639DA01E2547002C0011C153 /* Release */,
			);
			defaultConfigurationIsVisible = 0;
			defaultConfigurationName = Release;
		};
/* End XCConfigurationList section */

/* Begin XCRemoteSwiftPackageReference section */
		8AD7FE2E26F358370072AF33 /* XCRemoteSwiftPackageReference "lottie-ios" */ = {
			isa = XCRemoteSwiftPackageReference;
			repositoryURL = "https://github.com/airbnb/lottie-ios";
			requirement = {
				kind = upToNextMajorVersion;
				minimumVersion = 3.2.3;
			};
		};
		8AD7FE3126F358720072AF33 /* XCRemoteSwiftPackageReference "BSImagePicker" */ = {
			isa = XCRemoteSwiftPackageReference;
			repositoryURL = "https://github.com/mikaoj/BSImagePicker";
			requirement = {
				kind = upToNextMajorVersion;
				minimumVersion = 3.3.1;
			};
		};
		8AF977A828AF95E700F7D386 /* XCRemoteSwiftPackageReference "spm" */ = {
			isa = XCRemoteSwiftPackageReference;
			repositoryURL = "https://github.com/Banuba/spm";
			requirement = {
				branch = master;
				kind = branch;
			};
		};
/* End XCRemoteSwiftPackageReference section */

/* Begin XCSwiftPackageProductDependency section */
		8AD7FE2F26F358370072AF33 /* Lottie */ = {
			isa = XCSwiftPackageProductDependency;
			package = 8AD7FE2E26F358370072AF33 /* XCRemoteSwiftPackageReference "lottie-ios" */;
			productName = Lottie;
		};
		8AD7FE3226F358720072AF33 /* BSImagePicker */ = {
			isa = XCSwiftPackageProductDependency;
			package = 8AD7FE3126F358720072AF33 /* XCRemoteSwiftPackageReference "BSImagePicker" */;
			productName = BSImagePicker;
		};
		8AF977A928AF95E700F7D386 /* BNBLicenseUtilsPackage */ = {
			isa = XCSwiftPackageProductDependency;
			package = 8AF977A828AF95E700F7D386 /* XCRemoteSwiftPackageReference "spm" */;
			productName = BNBLicenseUtilsPackage;
		};
		8AF977AB28AF95E700F7D386 /* BanubaARCloudSDKPackage */ = {
			isa = XCSwiftPackageProductDependency;
			package = 8AF977A828AF95E700F7D386 /* XCRemoteSwiftPackageReference "spm" */;
			productName = BanubaARCloudSDKPackage;
		};
		8AF977AD28AF95E700F7D386 /* BanubaAudioBrowserSDKPackage */ = {
			isa = XCSwiftPackageProductDependency;
			package = 8AF977A828AF95E700F7D386 /* XCRemoteSwiftPackageReference "spm" */;
			productName = BanubaAudioBrowserSDKPackage;
		};
		8AF977AF28AF95E700F7D386 /* BanubaEffectPlayerPackage */ = {
			isa = XCSwiftPackageProductDependency;
			package = 8AF977A828AF95E700F7D386 /* XCRemoteSwiftPackageReference "spm" */;
			productName = BanubaEffectPlayerPackage;
		};
		8AF977B128AF95E700F7D386 /* BanubaLicenseServicingSDKPackage */ = {
			isa = XCSwiftPackageProductDependency;
			package = 8AF977A828AF95E700F7D386 /* XCRemoteSwiftPackageReference "spm" */;
			productName = BanubaLicenseServicingSDKPackage;
		};
		8AF977B328AF95E700F7D386 /* BanubaMusicEditorSDKPackage */ = {
			isa = XCSwiftPackageProductDependency;
			package = 8AF977A828AF95E700F7D386 /* XCRemoteSwiftPackageReference "spm" */;
			productName = BanubaMusicEditorSDKPackage;
		};
		8AF977B528AF95E700F7D386 /* BanubaOverlayEditorSDKPackage */ = {
			isa = XCSwiftPackageProductDependency;
			package = 8AF977A828AF95E700F7D386 /* XCRemoteSwiftPackageReference "spm" */;
			productName = BanubaOverlayEditorSDKPackage;
		};
		8AF977B728AF95E700F7D386 /* BanubaSDKPackage */ = {
			isa = XCSwiftPackageProductDependency;
			package = 8AF977A828AF95E700F7D386 /* XCRemoteSwiftPackageReference "spm" */;
			productName = BanubaSDKPackage;
		};
		8AF977B928AF95E700F7D386 /* BanubaSDKServicingPackage */ = {
			isa = XCSwiftPackageProductDependency;
			package = 8AF977A828AF95E700F7D386 /* XCRemoteSwiftPackageReference "spm" */;
			productName = BanubaSDKServicingPackage;
		};
		8AF977BB28AF95E700F7D386 /* BanubaSDKSimplePackage */ = {
			isa = XCSwiftPackageProductDependency;
			package = 8AF977A828AF95E700F7D386 /* XCRemoteSwiftPackageReference "spm" */;
			productName = BanubaSDKSimplePackage;
		};
		8AF977BD28AF95E700F7D386 /* BanubaTokenStorageSDKPackage */ = {
			isa = XCSwiftPackageProductDependency;
			package = 8AF977A828AF95E700F7D386 /* XCRemoteSwiftPackageReference "spm" */;
			productName = BanubaTokenStorageSDKPackage;
		};
		8AF977BF28AF95E700F7D386 /* BanubaUtilitiesPackage */ = {
			isa = XCSwiftPackageProductDependency;
			package = 8AF977A828AF95E700F7D386 /* XCRemoteSwiftPackageReference "spm" */;
			productName = BanubaUtilitiesPackage;
		};
		8AF977C128AF95E700F7D386 /* BanubaVideoEditorGallerySDKPackage */ = {
			isa = XCSwiftPackageProductDependency;
			package = 8AF977A828AF95E700F7D386 /* XCRemoteSwiftPackageReference "spm" */;
			productName = BanubaVideoEditorGallerySDKPackage;
		};
		8AF977C328AF95E700F7D386 /* BanubaVideoEditorSDKPackage */ = {
			isa = XCSwiftPackageProductDependency;
			package = 8AF977A828AF95E700F7D386 /* XCRemoteSwiftPackageReference "spm" */;
			productName = BanubaVideoEditorSDKPackage;
		};
		8AF977C528AF95E700F7D386 /* BanubaVideoEditorTrimSDKPackage */ = {
			isa = XCSwiftPackageProductDependency;
			package = 8AF977A828AF95E700F7D386 /* XCRemoteSwiftPackageReference "spm" */;
			productName = BanubaVideoEditorTrimSDKPackage;
		};
		8AF977C728AF95E700F7D386 /* VEEffectsSDKPackage */ = {
			isa = XCSwiftPackageProductDependency;
			package = 8AF977A828AF95E700F7D386 /* XCRemoteSwiftPackageReference "spm" */;
			productName = VEEffectsSDKPackage;
		};
		8AF977C928AF95E700F7D386 /* VEExportSDKPackage */ = {
			isa = XCSwiftPackageProductDependency;
			package = 8AF977A828AF95E700F7D386 /* XCRemoteSwiftPackageReference "spm" */;
			productName = VEExportSDKPackage;
		};
		8AF977CB28AF95E700F7D386 /* VEPlaybackSDKPackage */ = {
			isa = XCSwiftPackageProductDependency;
			package = 8AF977A828AF95E700F7D386 /* XCRemoteSwiftPackageReference "spm" */;
			productName = VEPlaybackSDKPackage;
		};
		8AF977CD28AF95E700F7D386 /* VideoEditorPackage */ = {
			isa = XCSwiftPackageProductDependency;
			package = 8AF977A828AF95E700F7D386 /* XCRemoteSwiftPackageReference "spm" */;
			productName = VideoEditorPackage;
		};
/* End XCSwiftPackageProductDependency section */
	};
	rootObject = 639DA000254700290011C153 /* Project object */;
}
