{
  "originHash" : "b2326c771c078f2ad0b4c522f5a6a7d661274f9c496a9e4e302245bc95669985",
  "pins" : [
    {
      "identity" : "banubaarcloudsdk-ios",
      "kind" : "remoteSourceControl",
      "location" : "https://github.com/Banuba/BanubaARCloudSDK-IOS.git",
      "state" : {
        "revision" : "0b1ec3af51b8b3b2c55662980eb384bfe0990107",
        "version" : "1.50.2"
      }
    },
    {
      "identity" : "banubaaudiobrowsersdk-ios",
      "kind" : "remoteSourceControl",
      "location" : "https://github.com/Banuba/BanubaAudioBrowserSDK-iOS",
      "state" : {
        "revision" : "f6a034157c3e8df7cdb2d38b0d1092e3b8024ab5",
        "version" : "1.50.2"
      }
    },
    {
      "identity" : "banubalicenseservicingsdk",
      "kind" : "remoteSourceControl",
      "location" : "https://github.com/Banuba/BanubaLicenseServicingSDK.git",
      "state" : {
        "revision" : "ce6ec2908affba67fa950c6c6228cdb35021bf58",
        "version" : "1.50.2"
      }
    },
    {
      "identity" : "banubaphotoeditorsdk-ios",
      "kind" : "remoteSourceControl",
      "location" : "https://github.com/Banuba/BanubaPhotoEditorSDK-iOS.git",
      "state" : {
        "revision" : "154f8f5bd296189943323ae3fa08cd8c27d556aa",
        "version" : "1.3.3"
      }
    },
    {
      "identity" : "banubasdk-ios",
      "kind" : "remoteSourceControl",
      "location" : "https://github.com/Banuba/BanubaSDK-iOS",
      "state" : {
        "revision" : "062e6070841ebc461e6edc0872a428ef498c79e4",
        "version" : "1.50.2"
      }
    },
    {
      "identity" : "banubasdksimple-ios",
      "kind" : "remoteSourceControl",
      "location" : "https://github.com/Banuba/BanubaSDKSimple-IOS",
      "state" : {
        "revision" : "c32cc0fe86bc17aef5091edaaf8996ac5ec3f7c0",
        "version" : "1.50.2"
      }
    },
    {
      "identity" : "banubautilities-ios",
      "kind" : "remoteSourceControl",
      "location" : "https://github.com/Banuba/BanubaUtilities-iOS.git",
      "state" : {
        "revision" : "31f84654b63c7192c4c5f20a5c6ace51d9fd71a3",
        "version" : "1.50.2"
      }
    },
    {
      "identity" : "banubavideoeditorcore-ios",
      "kind" : "remoteSourceControl",
      "location" : "https://github.com/Banuba/BanubaVideoEditorCore-iOS.git",
      "state" : {
        "revision" : "b553db372dc58c3d15a6021a1f857ba2f116531b",
        "version" : "1.50.2"
      }
    },
    {
      "identity" : "banubavideoeditorsdk-ios",
      "kind" : "remoteSourceControl",
      "location" : "https://github.com/Banuba/BanubaVideoEditorSDK-iOS",
      "state" : {
        "revision" : "02bb7795a880d48c4200958623afbb94ea3d316f",
        "version" : "1.50.2"
      }
    },
    {
      "identity" : "bnbbackground",
      "kind" : "remoteSourceControl",
      "location" : "https://github.com/sdk-banuba/BNBBackground.git",
      "state" : {
        "revision" : "80cbebd0f9e07233fa8a986a1b6ae2895c24fc52",
        "version" : "1.17.7"
      }
    },
    {
      "identity" : "bnbeffectplayer",
      "kind" : "remoteSourceControl",
      "location" : "https://github.com/sdk-banuba/BNBEffectPlayer.git",
      "state" : {
        "revision" : "6f37b861d6015cd0c47ef022b2cf511af35f7b18",
        "version" : "1.17.7"
      }
    },
    {
      "identity" : "bnbeyes",
      "kind" : "remoteSourceControl",
      "location" : "https://github.com/sdk-banuba/BNBEyes.git",
      "state" : {
        "revision" : "83c6a816316af7b805e16174b5132d14d3ee4258",
        "version" : "1.17.7"
      }
    },
    {
      "identity" : "bnbfacetracker",
      "kind" : "remoteSourceControl",
      "location" : "https://github.com/sdk-banuba/BNBFaceTracker.git",
      "state" : {
        "revision" : "bf4a7199826153219a51ee97ca6297a1e2abba4b",
        "version" : "1.17.7"
      }
    },
    {
      "identity" : "bnbhair",
      "kind" : "remoteSourceControl",
      "location" : "https://github.com/sdk-banuba/BNBHair.git",
      "state" : {
        "revision" : "13c255bbdbaa601ff38383bb329aec43cdeacd26",
        "version" : "1.17.7"
      }
    },
    {
      "identity" : "bnblicenseutils-ios",
      "kind" : "remoteSourceControl",
      "location" : "https://github.com/Banuba/BNBLicenseUtils-iOS.git",
      "state" : {
        "revision" : "a61dacde15144d282592a4e3c46d53227877c1cb",
        "version" : "1.50.2"
      }
    },
    {
      "identity" : "bnblips",
      "kind" : "remoteSourceControl",
      "location" : "https://github.com/sdk-banuba/BNBLips.git",
      "state" : {
        "revision" : "8a211443adbda48ea2fe60816f4d12a4201c37b3",
        "version" : "1.17.7"
      }
    },
    {
      "identity" : "bnbmakeup",
      "kind" : "remoteSourceControl",
      "location" : "https://github.com/sdk-banuba/BNBMakeup.git",
      "state" : {
        "revision" : "b3ab6ecc83feeabe75e978e1268c5c83d06d439d",
        "version" : "1.17.7"
      }
    },
    {
      "identity" : "bnbscripting",
      "kind" : "remoteSourceControl",
      "location" : "https://github.com/sdk-banuba/BNBScripting.git",
      "state" : {
        "revision" : "785649ac3892de1420381e3b36f18f77cec40bca",
        "version" : "1.17.7"
      }
    },
    {
      "identity" : "bnbsdkapi",
      "kind" : "remoteSourceControl",
      "location" : "https://github.com/sdk-banuba/BNBSdkApi.git",
      "state" : {
        "revision" : "a20e6cda57e5f856f6ae2b3fa0d13bd0c3ce0857",
        "version" : "1.17.7"
      }
    },
    {
      "identity" : "bnbsdkcore",
      "kind" : "remoteSourceControl",
      "location" : "https://github.com/sdk-banuba/BNBSdkCore.git",
      "state" : {
        "revision" : "097613bae7aeaedcd931f61bf6ee065b5eb73404",
        "version" : "1.17.7"
      }
    },
    {
      "identity" : "bnbskin",
      "kind" : "remoteSourceControl",
      "location" : "https://github.com/sdk-banuba/BNBSkin.git",
      "state" : {
        "revision" : "52e8c7a4f63813422e74e4a844542cf9b0c9263b",
        "version" : "1.17.7"
      }
    },
    {
      "identity" : "bsimagepicker",
      "kind" : "remoteSourceControl",
      "location" : "https://github.com/mikaoj/BSImagePicker.git",
      "state" : {
        "revision" : "87c300fac63538dfb26e17d491eaa2293e83b5e8",
        "version" : "3.3.3"
      }
    }
  ],
  "version" : 3
}
