{
  "originHash" : "38b07846d34748f82a58d52709a5fb9cc803feefb3b6206509bb22ad5283992f",
  "pins" : [
    {
      "identity" : "banubaarcloudsdk-ios",
      "kind" : "remoteSourceControl",
      "location" : "https://github.com/Banuba/BanubaARCloudSDK-IOS",
      "state" : {
        "revision" : "c709000866d281f0be7058a74e24db8533ce8845",
        "version" : "1.54.2"
      }
    },
    {
      "identity" : "banubaaudiobrowsersdk-ios",
      "kind" : "remoteSourceControl",
      "location" : "https://github.com/Banuba/BanubaAudioBrowserSDK-iOS",
      "state" : {
        "revision" : "4ffd8861affe47e3481126be51a41cba3c4ebd69",
        "version" : "1.54.2"
      }
    },
    {
      "identity" : "banubadesignsystem",
      "kind" : "remoteSourceControl",
      "location" : "https://github.com/Banuba/BanubaDesignSystem.git",
      "state" : {
        "revision" : "5ef46a1c33fd84a1124370aff7badf7ebe545c1d",
        "version" : "1.0.4"
      }
    },
    {
      "identity" : "banubalicenseservicingsdk",
      "kind" : "remoteSourceControl",
      "location" : "https://github.com/Banuba/BanubaLicenseServicingSDK.git",
      "state" : {
        "revision" : "464751e19081ed4d2737b023ebc55052022d5ba9",
        "version" : "1.54.2"
      }
    },
    {
      "identity" : "banubaphotoeditorsdk-ios",
      "kind" : "remoteSourceControl",
      "location" : "https://github.com/Banuba/BanubaPhotoEditorSDK-iOS.git",
      "state" : {
        "revision" : "f937d47cbf4df32457949dac4fd64ea1df20ba10",
        "version" : "1.4.3"
      }
    },
    {
      "identity" : "banubasdk-ios",
      "kind" : "remoteSourceControl",
      "location" : "https://github.com/Banuba/BanubaSDK-iOS",
      "state" : {
        "revision" : "2e9b98b38521d59586c4356f815305458f241892",
        "version" : "1.54.2"
      }
    },
    {
      "identity" : "banubasdksimple-ios",
      "kind" : "remoteSourceControl",
      "location" : "https://github.com/Banuba/BanubaSDKSimple-IOS",
      "state" : {
        "revision" : "d4f47ce9741281552d6948d14fb37df0e308f182",
        "version" : "1.54.2"
      }
    },
    {
      "identity" : "banubautilities-ios",
      "kind" : "remoteSourceControl",
      "location" : "https://github.com/Banuba/BanubaUtilities-iOS.git",
      "state" : {
        "revision" : "ef3af8c1294aafbeda6e6f443110910ea5603d46",
        "version" : "1.54.2"
      }
    },
    {
      "identity" : "banubavideoeditorcore-ios",
      "kind" : "remoteSourceControl",
      "location" : "https://github.com/Banuba/BanubaVideoEditorCore-iOS.git",
      "state" : {
        "revision" : "0826a5d8544225d2a509c98e7b0b2d30149068e2",
        "version" : "1.54.2"
      }
    },
    {
      "identity" : "banubavideoeditorsdk-ios",
      "kind" : "remoteSourceControl",
      "location" : "https://github.com/Banuba/BanubaVideoEditorSDK-iOS.git",
      "state" : {
        "revision" : "42fd3505e6b6960acef087591bd06b28e366b0c4",
        "version" : "1.54.2"
      }
    },
    {
      "identity" : "bnbbackground",
      "kind" : "remoteSourceControl",
      "location" : "https://github.com/sdk-banuba/BNBBackground.git",
      "state" : {
        "revision" : "80cbebd0f9e07233fa8a986a1b6ae2895c24fc52",
        "version" : "1.17.7"
      }
    },
    {
      "identity" : "bnbeffectplayer",
      "kind" : "remoteSourceControl",
      "location" : "https://github.com/sdk-banuba/BNBEffectPlayer.git",
      "state" : {
        "revision" : "6f37b861d6015cd0c47ef022b2cf511af35f7b18",
        "version" : "1.17.7"
      }
    },
    {
      "identity" : "bnbeyes",
      "kind" : "remoteSourceControl",
      "location" : "https://github.com/sdk-banuba/BNBEyes.git",
      "state" : {
        "revision" : "83c6a816316af7b805e16174b5132d14d3ee4258",
        "version" : "1.17.7"
      }
    },
    {
      "identity" : "bnbfacetracker",
      "kind" : "remoteSourceControl",
      "location" : "https://github.com/sdk-banuba/BNBFaceTracker.git",
      "state" : {
        "revision" : "bf4a7199826153219a51ee97ca6297a1e2abba4b",
        "version" : "1.17.7"
      }
    },
    {
      "identity" : "bnbhair",
      "kind" : "remoteSourceControl",
      "location" : "https://github.com/sdk-banuba/BNBHair.git",
      "state" : {
        "revision" : "13c255bbdbaa601ff38383bb329aec43cdeacd26",
        "version" : "1.17.7"
      }
    },
    {
      "identity" : "bnblicenseutils-ios",
      "kind" : "remoteSourceControl",
      "location" : "https://github.com/Banuba/BNBLicenseUtils-iOS.git",
      "state" : {
        "revision" : "f20fdb4248332ff7e3df8416b3daf7e2809d4656",
        "version" : "1.53.1"
      }
    },
    {
      "identity" : "bnblips",
      "kind" : "remoteSourceControl",
      "location" : "https://github.com/sdk-banuba/BNBLips.git",
      "state" : {
        "revision" : "8a211443adbda48ea2fe60816f4d12a4201c37b3",
        "version" : "1.17.7"
      }
    },
    {
      "identity" : "bnbmakeup",
      "kind" : "remoteSourceControl",
      "location" : "https://github.com/sdk-banuba/BNBMakeup.git",
      "state" : {
        "revision" : "b3ab6ecc83feeabe75e978e1268c5c83d06d439d",
        "version" : "1.17.7"
      }
    },
    {
      "identity" : "bnbscripting",
      "kind" : "remoteSourceControl",
      "location" : "https://github.com/sdk-banuba/BNBScripting.git",
      "state" : {
        "revision" : "785649ac3892de1420381e3b36f18f77cec40bca",
        "version" : "1.17.7"
      }
    },
    {
      "identity" : "bnbsdkapi",
      "kind" : "remoteSourceControl",
      "location" : "https://github.com/sdk-banuba/BNBSdkApi.git",
      "state" : {
        "revision" : "a20e6cda57e5f856f6ae2b3fa0d13bd0c3ce0857",
        "version" : "1.17.7"
      }
    },
    {
      "identity" : "bnbsdkcore",
      "kind" : "remoteSourceControl",
      "location" : "https://github.com/sdk-banuba/BNBSdkCore.git",
      "state" : {
        "revision" : "097613bae7aeaedcd931f61bf6ee065b5eb73404",
        "version" : "1.17.7"
      }
    },
    {
      "identity" : "bnbskin",
      "kind" : "remoteSourceControl",
      "location" : "https://github.com/sdk-banuba/BNBSkin.git",
      "state" : {
        "revision" : "52e8c7a4f63813422e74e4a844542cf9b0c9263b",
        "version" : "1.17.7"
      }
    },
    {
      "identity" : "bsimagepicker",
      "kind" : "remoteSourceControl",
      "location" : "https://github.com/mikaoj/BSImagePicker.git",
      "state" : {
        "revision" : "87c300fac63538dfb26e17d491eaa2293e83b5e8",
        "version" : "3.3.3"
      }
    }
  ],
  "version" : 3
}
