{
  "originHash" : "38b07846d34748f82a58d52709a5fb9cc803feefb3b6206509bb22ad5283992f",
  "pins" : [
    {
      "identity" : "banubaarcloudsdk-ios",
      "kind" : "remoteSourceControl",
      "location" : "https://github.com/Banuba/BanubaARCloudSDK-IOS",
      "state" : {
        "revision" : "d96c19021a1ab372fba01e137e2010ee067995c5",
        "version" : "1.54.3"
      }
    },
    {
      "identity" : "banubaaudiobrowsersdk-ios",
      "kind" : "remoteSourceControl",
      "location" : "https://github.com/Banuba/BanubaAudioBrowserSDK-iOS",
      "state" : {
        "revision" : "0fdb060392252abe31245ef23d8fd3fc29f91c01",
        "version" : "1.54.3"
      }
    },
    {
      "identity" : "banubadesignsystem",
      "kind" : "remoteSourceControl",
      "location" : "https://github.com/Banuba/BanubaDesignSystem.git",
      "state" : {
        "revision" : "5ef46a1c33fd84a1124370aff7badf7ebe545c1d",
        "version" : "1.0.4"
      }
    },
    {
      "identity" : "banubalicenseservicingsdk",
      "kind" : "remoteSourceControl",
      "location" : "https://github.com/Banuba/BanubaLicenseServicingSDK.git",
      "state" : {
        "revision" : "a479375fe672acee5246db5fd29c5269cb5d81c9",
        "version" : "1.54.3"
      }
    },
    {
      "identity" : "banubaphotoeditorsdk-ios",
      "kind" : "remoteSourceControl",
      "location" : "https://github.com/Banuba/BanubaPhotoEditorSDK-iOS.git",
      "state" : {
        "revision" : "f937d47cbf4df32457949dac4fd64ea1df20ba10",
        "version" : "1.4.3"
      }
    },
    {
      "identity" : "banubasdk-ios",
      "kind" : "remoteSourceControl",
      "location" : "https://github.com/Banuba/BanubaSDK-iOS",
      "state" : {
        "revision" : "fcc329904a07196e0aa7449c367e65490e72ce8f",
        "version" : "1.54.3"
      }
    },
    {
      "identity" : "banubasdksimple-ios",
      "kind" : "remoteSourceControl",
      "location" : "https://github.com/Banuba/BanubaSDKSimple-IOS",
      "state" : {
        "revision" : "a62613a9bc62c446a2ff71281dd4615a9edb54b6",
        "version" : "1.54.3"
      }
    },
    {
      "identity" : "banubautilities-ios",
      "kind" : "remoteSourceControl",
      "location" : "https://github.com/Banuba/BanubaUtilities-iOS.git",
      "state" : {
        "revision" : "e527e2e1bd486686d002d8b262eb41bd08d248f9",
        "version" : "1.54.3"
      }
    },
    {
      "identity" : "banubavideoeditorcore-ios",
      "kind" : "remoteSourceControl",
      "location" : "https://github.com/Banuba/BanubaVideoEditorCore-iOS.git",
      "state" : {
        "revision" : "6be91fad31ddc9b6a5fae60f496aa6100a6ac702",
        "version" : "1.54.3"
      }
    },
    {
      "identity" : "banubavideoeditorsdk-ios",
      "kind" : "remoteSourceControl",
      "location" : "https://github.com/Banuba/BanubaVideoEditorSDK-iOS.git",
      "state" : {
        "revision" : "db6f2394471614f972e1424c79cbb2bb3b2a174e",
        "version" : "1.54.3"
      }
    },
    {
      "identity" : "bnbbackground",
      "kind" : "remoteSourceControl",
      "location" : "https://github.com/sdk-banuba/BNBBackground.git",
      "state" : {
        "revision" : "80cbebd0f9e07233fa8a986a1b6ae2895c24fc52",
        "version" : "1.17.7"
      }
    },
    {
      "identity" : "bnbeffectplayer",
      "kind" : "remoteSourceControl",
      "location" : "https://github.com/sdk-banuba/BNBEffectPlayer.git",
      "state" : {
        "revision" : "6f37b861d6015cd0c47ef022b2cf511af35f7b18",
        "version" : "1.17.7"
      }
    },
    {
      "identity" : "bnbeyes",
      "kind" : "remoteSourceControl",
      "location" : "https://github.com/sdk-banuba/BNBEyes.git",
      "state" : {
        "revision" : "83c6a816316af7b805e16174b5132d14d3ee4258",
        "version" : "1.17.7"
      }
    },
    {
      "identity" : "bnbfacetracker",
      "kind" : "remoteSourceControl",
      "location" : "https://github.com/sdk-banuba/BNBFaceTracker.git",
      "state" : {
        "revision" : "bf4a7199826153219a51ee97ca6297a1e2abba4b",
        "version" : "1.17.7"
      }
    },
    {
      "identity" : "bnbhair",
      "kind" : "remoteSourceControl",
      "location" : "https://github.com/sdk-banuba/BNBHair.git",
      "state" : {
        "revision" : "13c255bbdbaa601ff38383bb329aec43cdeacd26",
        "version" : "1.17.7"
      }
    },
    {
      "identity" : "bnblicenseutils-ios",
      "kind" : "remoteSourceControl",
      "location" : "https://github.com/Banuba/BNBLicenseUtils-iOS.git",
      "state" : {
        "revision" : "f20fdb4248332ff7e3df8416b3daf7e2809d4656",
        "version" : "1.53.1"
      }
    },
    {
      "identity" : "bnblips",
      "kind" : "remoteSourceControl",
      "location" : "https://github.com/sdk-banuba/BNBLips.git",
      "state" : {
        "revision" : "8a211443adbda48ea2fe60816f4d12a4201c37b3",
        "version" : "1.17.7"
      }
    },
    {
      "identity" : "bnbmakeup",
      "kind" : "remoteSourceControl",
      "location" : "https://github.com/sdk-banuba/BNBMakeup.git",
      "state" : {
        "revision" : "b3ab6ecc83feeabe75e978e1268c5c83d06d439d",
        "version" : "1.17.7"
      }
    },
    {
      "identity" : "bnbscripting",
      "kind" : "remoteSourceControl",
      "location" : "https://github.com/sdk-banuba/BNBScripting.git",
      "state" : {
        "revision" : "785649ac3892de1420381e3b36f18f77cec40bca",
        "version" : "1.17.7"
      }
    },
    {
      "identity" : "bnbsdkapi",
      "kind" : "remoteSourceControl",
      "location" : "https://github.com/sdk-banuba/BNBSdkApi.git",
      "state" : {
        "revision" : "a20e6cda57e5f856f6ae2b3fa0d13bd0c3ce0857",
        "version" : "1.17.7"
      }
    },
    {
      "identity" : "bnbsdkcore",
      "kind" : "remoteSourceControl",
      "location" : "https://github.com/sdk-banuba/BNBSdkCore.git",
      "state" : {
        "revision" : "097613bae7aeaedcd931f61bf6ee065b5eb73404",
        "version" : "1.17.7"
      }
    },
    {
      "identity" : "bnbskin",
      "kind" : "remoteSourceControl",
      "location" : "https://github.com/sdk-banuba/BNBSkin.git",
      "state" : {
        "revision" : "52e8c7a4f63813422e74e4a844542cf9b0c9263b",
        "version" : "1.17.7"
      }
    },
    {
      "identity" : "bsimagepicker",
      "kind" : "remoteSourceControl",
      "location" : "https://github.com/mikaoj/BSImagePicker.git",
      "state" : {
        "revision" : "87c300fac63538dfb26e17d491eaa2293e83b5e8",
        "version" : "3.3.3"
      }
    }
  ],
  "version" : 3
}
