{
  "originHash" : "223a7c04df1629b4b852f32f3377dff5ffc11aa4a3e47493e8848302163df1f7",
  "pins" : [
    {
      "identity" : "bnbsdkapi",
      "kind" : "remoteSourceControl",
      "location" : "https://github.com/sdk-banuba/BNBSdkApi.git",
      "state" : {
        "revision" : "e21bb77e3ee2dffe99d2fd1f074a4175b68d8951",
        "version" : "1.13.2"
      }
    },
    {
      "identity" : "bnbsdkcore",
      "kind" : "remoteSourceControl",
      "location" : "https://github.com/sdk-banuba/BNBSdkCore.git",
      "state" : {
        "revision" : "719c3b2af08f4aa0f22e053799ff2e2a915cc3f6",
        "version" : "1.13.2"
      }
    },
    {
      "identity" : "bsimagepicker",
      "kind" : "remoteSourceControl",
      "location" : "https://github.com/mikaoj/BSImagePicker",
      "state" : {
        "revision" : "750f26abd0fafbcc4124adef436251888a7c962a",
        "version" : "3.3.1"
      }
    },
    {
      "identity" : "unifiedvideoeditorsdk-ios",
      "kind" : "remoteSourceControl",
      "location" : "https://github.com/Banuba/UnifiedVideoEditorSDK-iOS",
      "state" : {
        "revision" : "89ce2d5f7fca75c8186ac518e2e3548cec26ccea",
        "version" : "0.7.0"
      }
    }
  ],
  "version" : 3
}
