{
  "originHash" : "b2326c771c078f2ad0b4c522f5a6a7d661274f9c496a9e4e302245bc95669985",
  "pins" : [
    {
      "identity" : "banubaarcloudsdk-ios",
      "kind" : "remoteSourceControl",
      "location" : "https://github.com/Banuba/BanubaARCloudSDK-IOS.git",
      "state" : {
        "revision" : "742e9f90cc08acb093d289d9727f44a1106b6219",
        "version" : "1.40.1"
      }
    },
    {
      "identity" : "banubaaudiobrowsersdk-ios",
      "kind" : "remoteSourceControl",
      "location" : "https://github.com/Banuba/BanubaAudioBrowserSDK-iOS",
      "state" : {
        "revision" : "8db173e6c6382dc59642947b6d85b4e90542d707",
        "version" : "1.40.1"
      }
    },
    {
      "identity" : "banubalicenseservicingsdk",
      "kind" : "remoteSourceControl",
      "location" : "https://github.com/Banuba/BanubaLicenseServicingSDK.git",
      "state" : {
        "revision" : "ebabcb24aaf11ec340ed625f8f113508d79df352",
        "version" : "1.40.1"
      }
    },
    {
      "identity" : "banubaphotoeditorsdk-ios",
      "kind" : "remoteSourceControl",
      "location" : "https://github.com/Banuba/BanubaPhotoEditorSDK-iOS.git",
      "state" : {
        "revision" : "c41aef2626b4198aa07a6dfcb146185269fd83d5",
        "version" : "1.2.7"
      }
    },
    {
      "identity" : "banubasdk-ios",
      "kind" : "remoteSourceControl",
      "location" : "https://github.com/Banuba/BanubaSDK-iOS",
      "state" : {
        "revision" : "06bc88006d569a47324b27d561dc2a9d2b21b182",
        "version" : "1.40.1"
      }
    },
    {
      "identity" : "banubasdksimple-ios",
      "kind" : "remoteSourceControl",
      "location" : "https://github.com/Banuba/BanubaSDKSimple-IOS",
      "state" : {
        "revision" : "30a542893e9304e1289ca00804cba3459a7d4342",
        "version" : "1.40.1"
      }
    },
    {
      "identity" : "banubautilities-ios",
      "kind" : "remoteSourceControl",
      "location" : "https://github.com/Banuba/BanubaUtilities-iOS.git",
      "state" : {
        "revision" : "f824ee07a13f63f5b4a7db1b215ce2a84d75ca91",
        "version" : "1.40.1"
      }
    },
    {
      "identity" : "banubavideoeditorcore-ios",
      "kind" : "remoteSourceControl",
      "location" : "https://github.com/Banuba/BanubaVideoEditorCore-iOS.git",
      "state" : {
        "revision" : "e56c9ee49079db12422433056ccf3c4f679bbecc",
        "version" : "1.40.1"
      }
    },
    {
      "identity" : "banubavideoeditorsdk-ios",
      "kind" : "remoteSourceControl",
      "location" : "https://github.com/Banuba/BanubaVideoEditorSDK-iOS",
      "state" : {
        "revision" : "14b631a3967f1a98b9750fd3b107b9d16b61b7d5",
        "version" : "1.40.1"
      }
    },
    {
      "identity" : "bnbacneeyebagsremoval",
      "kind" : "remoteSourceControl",
      "location" : "https://github.com/sdk-banuba/BNBAcneEyebagsRemoval.git",
      "state" : {
        "revision" : "0739ee575e2cdec3b07b2e18d498e5f7fe2c8b6b",
        "version" : "1.16.4"
      }
    },
    {
      "identity" : "bnbbackground",
      "kind" : "remoteSourceControl",
      "location" : "https://github.com/sdk-banuba/BNBBackground.git",
      "state" : {
        "revision" : "65969e5f8a6a9edb0f5c513abf22bacab4061c49",
        "version" : "1.16.4"
      }
    },
    {
      "identity" : "bnbeffectplayer",
      "kind" : "remoteSourceControl",
      "location" : "https://github.com/sdk-banuba/BNBEffectPlayer.git",
      "state" : {
        "revision" : "6846cbbbd6e16fef2a3626f38e586cea74b20df6",
        "version" : "1.16.4"
      }
    },
    {
      "identity" : "bnbeyes",
      "kind" : "remoteSourceControl",
      "location" : "https://github.com/sdk-banuba/BNBEyes.git",
      "state" : {
        "revision" : "e12278ed6e82d59c15416c70692e6f7b12657aef",
        "version" : "1.16.4"
      }
    },
    {
      "identity" : "bnbfacetracker",
      "kind" : "remoteSourceControl",
      "location" : "https://github.com/sdk-banuba/BNBFaceTracker.git",
      "state" : {
        "revision" : "531e1bc83a8add370d1c51af2d0a49bea01f8fad",
        "version" : "1.16.4"
      }
    },
    {
      "identity" : "bnbhair",
      "kind" : "remoteSourceControl",
      "location" : "https://github.com/sdk-banuba/BNBHair.git",
      "state" : {
        "revision" : "f943b4a6683be5804e06ea61fca0ba97fe1d4898",
        "version" : "1.16.4"
      }
    },
    {
      "identity" : "bnblicenseutils-ios",
      "kind" : "remoteSourceControl",
      "location" : "https://github.com/Banuba/BNBLicenseUtils-iOS.git",
      "state" : {
        "revision" : "8ceca144068f063a219798429c2cf4689a230e35",
        "version" : "1.40.1"
      }
    },
    {
      "identity" : "bnblips",
      "kind" : "remoteSourceControl",
      "location" : "https://github.com/sdk-banuba/BNBLips.git",
      "state" : {
        "revision" : "f4a7d215c12bd9e11938c844ee60f0e7e10ce447",
        "version" : "1.16.4"
      }
    },
    {
      "identity" : "bnbscripting",
      "kind" : "remoteSourceControl",
      "location" : "https://github.com/sdk-banuba/BNBScripting.git",
      "state" : {
        "revision" : "5090c53b6cb2f1df74a1a6c6b0ceca78782b2ecb",
        "version" : "1.16.4"
      }
    },
    {
      "identity" : "bnbsdkapi",
      "kind" : "remoteSourceControl",
      "location" : "https://github.com/sdk-banuba/BNBSdkApi.git",
      "state" : {
        "revision" : "3daa754fd6cf1f5743fc1495820fc6c84da17791",
        "version" : "1.16.4"
      }
    },
    {
      "identity" : "bnbsdkcore",
      "kind" : "remoteSourceControl",
      "location" : "https://github.com/sdk-banuba/BNBSdkCore.git",
      "state" : {
        "revision" : "4c214bbc995e519074883624d739672e69f2f6fa",
        "version" : "1.16.4"
      }
    },
    {
      "identity" : "bnbskin",
      "kind" : "remoteSourceControl",
      "location" : "https://github.com/sdk-banuba/BNBSkin.git",
      "state" : {
        "revision" : "000acf15c8f2372bdd05194a6835015d61e5cb5c",
        "version" : "1.16.4"
      }
    },
    {
      "identity" : "bsimagepicker",
      "kind" : "remoteSourceControl",
      "location" : "https://github.com/mikaoj/BSImagePicker.git",
      "state" : {
        "revision" : "87c300fac63538dfb26e17d491eaa2293e83b5e8",
        "version" : "3.3.3"
      }
    }
  ],
  "version" : 3
}
