{
  "pins" : [
    {
      "identity" : "banubaarcloudsdk-ios",
      "kind" : "remoteSourceControl",
      "location" : "https://github.com/Banuba/BanubaARCloudSDK-IOS.git",
      "state" : {
        "revision" : "cb105824ee9cc4db6b0f7d3c3105e6e92b9df4dc",
        "version" : "1.26.3"
      }
    },
    {
      "identity" : "banubaaudiobrowsersdk-ios",
      "kind" : "remoteSourceControl",
      "location" : "https://github.com/Banuba/BanubaAudioBrowserSDK-iOS.git",
      "state" : {
        "revision" : "2801ad5c344e80774c8ef5951bace0006d1d2d89",
        "version" : "1.26.3"
      }
    },
    {
      "identity" : "banubaeffectplayer-ios",
      "kind" : "remoteSourceControl",
      "location" : "https://github.com/Banuba/BanubaEffectPlayer-iOS.git",
      "state" : {
        "revision" : "cc4359fa11be192465eb1ad7a967c70b7f760e59",
        "version" : "1.26.3"
      }
    },
    {
      "identity" : "banubalicenseservicingsdk",
      "kind" : "remoteSourceControl",
      "location" : "https://github.com/Banuba/BanubaLicenseServicingSDK.git",
      "state" : {
        "revision" : "157a0d667355302aec2a52ede2d88706d2b475c1",
        "version" : "1.26.3"
      }
    },
    {
      "identity" : "banubamusiceditorsdk-ios",
      "kind" : "remoteSourceControl",
      "location" : "https://github.com/Banuba/BanubaMusicEditorSDK-iOS.git",
      "state" : {
        "revision" : "05971c501e875ac4a10b625a3a752d044f9c52b9",
        "version" : "1.26.3"
      }
    },
    {
      "identity" : "banubaoverlayeditorsdk-ios",
      "kind" : "remoteSourceControl",
      "location" : "https://github.com/Banuba/BanubaOverlayEditorSDK-iOS.git",
      "state" : {
        "revision" : "b0ff9f2207b6522d5efc59756b9b516b9d4eb967",
        "version" : "1.26.3"
      }
    },
    {
      "identity" : "banubasdk-ios",
      "kind" : "remoteSourceControl",
      "location" : "https://github.com/Banuba/BanubaSDK-iOS.git",
      "state" : {
        "revision" : "4af0adc161532a4f85c6ecf1c332fd2414ec42bd",
        "version" : "1.26.3"
      }
    },
    {
      "identity" : "banubasdkservicing-ios",
      "kind" : "remoteSourceControl",
      "location" : "https://github.com/Banuba/BanubaSDKServicing-iOS.git",
      "state" : {
        "revision" : "5a5d3f85c81bfdaf01950452ec37e38eb64b796b",
        "version" : "1.26.3"
      }
    },
    {
      "identity" : "banubasdksimple-ios",
      "kind" : "remoteSourceControl",
      "location" : "https://github.com/Banuba/BanubaSDKSimple-IOS.git",
      "state" : {
        "revision" : "c4b0b18e5a9c47b08ab2a803ba1367e06a31ec45",
        "version" : "1.26.3"
      }
    },
    {
      "identity" : "banubautilities-ios",
      "kind" : "remoteSourceControl",
      "location" : "https://github.com/Banuba/BanubaUtilities-iOS.git",
      "state" : {
        "revision" : "700b8f4ede1162fd3baa2716fe6b148bf178fb8a",
        "version" : "1.26.3"
      }
    },
    {
      "identity" : "banubavideoeditorgallerysdk",
      "kind" : "remoteSourceControl",
      "location" : "https://github.com/Banuba/BanubaVideoEditorGallerySDK.git",
      "state" : {
        "revision" : "96f75fcb4be6d13d259dd999a0e5b372625a17a2",
        "version" : "1.26.3"
      }
    },
    {
      "identity" : "banubavideoeditorsdk-ios",
      "kind" : "remoteSourceControl",
      "location" : "https://github.com/Banuba/BanubaVideoEditorSDK-iOS.git",
      "state" : {
        "revision" : "20c42f9e75e08bbabe271210c9b80c4bd83f04a3",
        "version" : "1.26.3"
      }
    },
    {
      "identity" : "banubavideoeditortrimsdk-ios",
      "kind" : "remoteSourceControl",
      "location" : "https://github.com/Banuba/BanubaVideoEditorTrimSDK-iOS.git",
      "state" : {
        "revision" : "1a8bb40de24b4fcc52dbc91aa0f71f5d17e75017",
        "version" : "1.26.3"
      }
    },
    {
      "identity" : "bnblicenseutils-ios",
      "kind" : "remoteSourceControl",
      "location" : "https://github.com/Banuba/BNBLicenseUtils-iOS.git",
      "state" : {
        "revision" : "22128ffdccbd61f3f94050e5cda68e3099ac6860",
        "version" : "1.26.3"
      }
    },
    {
      "identity" : "bsimagepicker",
      "kind" : "remoteSourceControl",
      "location" : "https://github.com/mikaoj/BSImagePicker",
      "state" : {
        "revision" : "750f26abd0fafbcc4124adef436251888a7c962a",
        "version" : "3.3.1"
      }
    },
    {
      "identity" : "lottie-ios",
      "kind" : "remoteSourceControl",
      "location" : "https://github.com/airbnb/lottie-ios",
      "state" : {
        "revision" : "b4bd0604ded9574807f41b4004b57dd1226a30a4",
        "version" : "3.5.0"
      }
    },
    {
      "identity" : "spm",
      "kind" : "remoteSourceControl",
      "location" : "https://github.com/Banuba/spm",
      "state" : {
        "revision" : "4eed2b7507cfd53f35ff9bf1ea50b7e2e8f6aa5b",
        "version" : "1.26.3"
      }
    },
    {
      "identity" : "veeffectssdk-ios",
      "kind" : "remoteSourceControl",
      "location" : "https://github.com/Banuba/VEEffectsSDK-iOS.git",
      "state" : {
        "revision" : "ff64d76013c9c9c2a67504dbe63f00c6a244ff7d",
        "version" : "1.26.3"
      }
    },
    {
      "identity" : "veexportsdk-ios",
      "kind" : "remoteSourceControl",
      "location" : "https://github.com/Banuba/VEExportSDK-iOS.git",
      "state" : {
        "revision" : "083d5c5457dabd0349c7fe48d885b2fe9daea874",
        "version" : "1.26.3"
      }
    },
    {
      "identity" : "veplaybacksdk-ios",
      "kind" : "remoteSourceControl",
      "location" : "https://github.com/Banuba/VEPlaybackSDK-iOS.git",
      "state" : {
        "revision" : "7c6dc618078347d104b221a20d4601f9cb4a92cc",
        "version" : "1.26.3"
      }
    },
    {
      "identity" : "videoeditor-ios",
      "kind" : "remoteSourceControl",
      "location" : "https://github.com/Banuba/VideoEditor-iOS.git",
      "state" : {
        "revision" : "e57048a6f55062012c620b2af8f68eeed083ce01",
        "version" : "1.26.3"
      }
    }
  ],
  "version" : 2
}
